
Microsoft Visual Studio Solution File, Format Version 11.00
# Visual Studio 2010
Project("{8BC9CEB8-8B4A-11D0-8D11-00A0C91BC942}") = "libopenmpt", "libopenmpt.vcxproj", "{812A654D-99BE-4D13-B97F-86332AD3E363}"
	ProjectSection(ProjectDependencies) = postProject
		{B2B6EE07-F662-496D-980C-FCA7CA144DBC} = {B2B6EE07-F662-496D-980C-FCA7CA144DBC}
	EndProjectSection
EndProject
Project("{8BC9CEB8-8B4A-11D0-8D11-00A0C91BC942}") = "libopenmpt_settings", "libopenmpt_settings.vcxproj", "{B2B6EE07-F662-496D-980C-FCA7CA144DBC}"
EndProject
Project("{8BC9CEB8-8B4A-11D0-8D11-00A0C91BC942}") = "zlib", "..\include\zlib\zlib.vcxproj", "{1654FB18-FDE6-406F-9D84-BA12BFBD67B2}"
EndProject
Global
	GlobalSection(SolutionConfigurationPlatforms) = preSolution
		Debug|Win32 = Debug|Win32
		Debug|x64 = Debug|x64
		Release|Win32 = Release|Win32
		Release|x64 = Release|x64
		Test|Win32 = Test|Win32
		Test|x64 = Test|x64
	EndGlobalSection
	GlobalSection(ProjectConfigurationPlatforms) = postSolution
		{812A654D-99BE-4D13-B97F-86332AD3E363}.Debug|Win32.ActiveCfg = Debug|Win32
		{812A654D-99BE-4D13-B97F-86332AD3E363}.Debug|Win32.Build.0 = Debug|Win32
		{812A654D-99BE-4D13-B97F-86332AD3E363}.Debug|x64.ActiveCfg = Debug|x64
		{812A654D-99BE-4D13-B97F-86332AD3E363}.Debug|x64.Build.0 = Debug|x64
		{812A654D-99BE-4D13-B97F-86332AD3E363}.Release|Win32.ActiveCfg = Release|Win32
		{812A654D-99BE-4D13-B97F-86332AD3E363}.Release|Win32.Build.0 = Release|Win32
		{812A654D-99BE-4D13-B97F-86332AD3E363}.Release|x64.ActiveCfg = Release|x64
		{812A654D-99BE-4D13-B97F-86332AD3E363}.Release|x64.Build.0 = Release|x64
		{812A654D-99BE-4D13-B97F-86332AD3E363}.Test|Win32.ActiveCfg = Test|Win32
		{812A654D-99BE-4D13-B97F-86332AD3E363}.Test|Win32.Build.0 = Test|Win32
		{812A654D-99BE-4D13-B97F-86332AD3E363}.Test|x64.ActiveCfg = Test|x64
		{812A654D-99BE-4D13-B97F-86332AD3E363}.Test|x64.Build.0 = Test|x64
		{B2B6EE07-F662-496D-980C-FCA7CA144DBC}.Debug|Win32.ActiveCfg = Debug|Win32
		{B2B6EE07-F662-496D-980C-FCA7CA144DBC}.Debug|Win32.Build.0 = Debug|Win32
		{B2B6EE07-F662-496D-980C-FCA7CA144DBC}.Debug|x64.ActiveCfg = Debug|Win32
		{B2B6EE07-F662-496D-980C-FCA7CA144DBC}.Release|Win32.ActiveCfg = Release|Win32
		{B2B6EE07-F662-496D-980C-FCA7CA144DBC}.Release|Win32.Build.0 = Release|Win32
		{B2B6EE07-F662-496D-980C-FCA7CA144DBC}.Release|x64.ActiveCfg = Release|Win32
		{B2B6EE07-F662-496D-980C-FCA7CA144DBC}.Test|Win32.ActiveCfg = Release|Win32
		{B2B6EE07-F662-496D-980C-FCA7CA144DBC}.Test|Win32.Build.0 = Release|Win32
		{B2B6EE07-F662-496D-980C-FCA7CA144DBC}.Test|x64.ActiveCfg = Release|Win32
		{1654FB18-FDE6-406F-9D84-BA12BFBD67B2}.Debug|Win32.ActiveCfg = DebugLib|Win32
		{1654FB18-FDE6-406F-9D84-BA12BFBD67B2}.Debug|Win32.Build.0 = DebugLib|Win32
		{1654FB18-FDE6-406F-9D84-BA12BFBD67B2}.Debug|x64.ActiveCfg = DebugLib|x64
		{1654FB18-FDE6-406F-9D84-BA12BFBD67B2}.Debug|x64.Build.0 = DebugLib|x64
		{1654FB18-FDE6-406F-9D84-BA12BFBD67B2}.Release|Win32.ActiveCfg = ReleaseLib|Win32
		{1654FB18-FDE6-406F-9D84-BA12BFBD67B2}.Release|Win32.Build.0 = ReleaseLib|Win32
		{1654FB18-FDE6-406F-9D84-BA12BFBD67B2}.Release|x64.ActiveCfg = ReleaseLib|x64
		{1654FB18-FDE6-406F-9D84-BA12BFBD67B2}.Release|x64.Build.0 = ReleaseLib|x64
		{1654FB18-FDE6-406F-9D84-BA12BFBD67B2}.Test|Win32.ActiveCfg = ReleaseLib|Win32
		{1654FB18-FDE6-406F-9D84-BA12BFBD67B2}.Test|Win32.Build.0 = ReleaseLib|Win32
		{1654FB18-FDE6-406F-9D84-BA12BFBD67B2}.Test|x64.ActiveCfg = ReleaseLib|x64
		{1654FB18-FDE6-406F-9D84-BA12BFBD67B2}.Test|x64.Build.0 = ReleaseLib|x64
	EndGlobalSection
	GlobalSection(SolutionProperties) = preSolution
		HideSolutionNode = FALSE
	EndGlobalSection
EndGlobal
