<?xml version="1.0" encoding="utf-8"?>
<Project ToolsVersion="4.0" xmlns="http://schemas.microsoft.com/developer/msbuild/2003">
  <ItemGroup>
    <Filter Include="Source Files">
      <UniqueIdentifier>{4FC737F1-C7A5-4376-A066-2A32D752A2FF}</UniqueIdentifier>
      <Extensions>cpp;c;cc;cxx;def;odl;idl;hpj;bat;asm;asmx</Extensions>
    </Filter>
    <Filter Include="Header Files">
      <UniqueIdentifier>{93995380-89BD-4b04-88EB-625FBE52EBFB}</UniqueIdentifier>
      <Extensions>h;hpp;hxx;hm;inl;inc;xsd</Extensions>
    </Filter>
    <Filter Include="Source Files\soundlib">
      <UniqueIdentifier>{31765892-63ca-4ab1-8fba-cd7a44e7b6cc}</UniqueIdentifier>
    </Filter>
    <Filter Include="Header Files\soundlib">
      <UniqueIdentifier>{89063439-f7da-443d-bd44-9640b86240f2}</UniqueIdentifier>
    </Filter>
    <Filter Include="Header Files\common">
      <UniqueIdentifier>{57743edd-00bc-4281-9c59-e4d785df03a4}</UniqueIdentifier>
    </Filter>
    <Filter Include="Source Files\common">
      <UniqueIdentifier>{308f7ed3-af26-4d69-8925-7203894ef468}</UniqueIdentifier>
    </Filter>
    <Filter Include="Header Files\test">
      <UniqueIdentifier>{d7ef920e-4335-4ea9-96f3-e4721d61b5b5}</UniqueIdentifier>
    </Filter>
    <Filter Include="Source Files\test">
      <UniqueIdentifier>{7e476eee-06d3-440e-89c1-29c78a21daa9}</UniqueIdentifier>
    </Filter>
    <Filter Include="Header Files\pugixml">
      <UniqueIdentifier>{d18c2a3b-8a7c-43e4-b77f-b02eaead5d62}</UniqueIdentifier>
    </Filter>
    <Filter Include="Source Files\pugixml">
      <UniqueIdentifier>{c229b22b-065f-42fd-81ee-498a859a7c8d}</UniqueIdentifier>
    </Filter>
    <Filter Include="Source Files\miniz">
      <UniqueIdentifier>{3800b9bf-c28e-489f-8792-64b1b5a58b40}</UniqueIdentifier>
    </Filter>
  </ItemGroup>
  <ItemGroup>
    <ClInclude Include="..\common\AudioCriticalSection.h">
      <Filter>Header Files\common</Filter>
    </ClInclude>
    <ClInclude Include="..\common\typedefs.h">
      <Filter>Header Files\common</Filter>
    </ClInclude>
    <ClInclude Include="..\common\FlagSet.h">
      <Filter>Header Files\common</Filter>
    </ClInclude>
    <ClInclude Include="..\common\misc_util.h">
      <Filter>Header Files\common</Filter>
    </ClInclude>
    <ClInclude Include="..\common\mptString.h">
      <Filter>Header Files\common</Filter>
    </ClInclude>
    <ClInclude Include="..\common\mutex.h">
      <Filter>Header Files\common</Filter>
    </ClInclude>
    <ClInclude Include="..\common\Profiler.h">
      <Filter>Header Files\common</Filter>
    </ClInclude>
    <ClInclude Include="..\common\serialization_utils.h">
      <Filter>Header Files\common</Filter>
    </ClInclude>
    <ClInclude Include="..\common\stdafx.h">
      <Filter>Header Files\common</Filter>
    </ClInclude>
    <ClInclude Include="..\common\StringFixer.h">
      <Filter>Header Files\common</Filter>
    </ClInclude>
    <ClInclude Include="libopenmpt.h">
      <Filter>Header Files</Filter>
    </ClInclude>
    <ClInclude Include="..\soundlib\ChunkReader.h">
      <Filter>Header Files\soundlib</Filter>
    </ClInclude>
    <ClInclude Include="..\soundlib\ITTools.h">
      <Filter>Header Files\soundlib</Filter>
    </ClInclude>
    <ClInclude Include="..\soundlib\Dlsbank.h">
      <Filter>Header Files\soundlib</Filter>
    </ClInclude>
    <ClInclude Include="..\soundlib\Endianness.h">
      <Filter>Header Files\soundlib</Filter>
    </ClInclude>
    <ClInclude Include="..\soundlib\FileReader.h">
      <Filter>Header Files\soundlib</Filter>
    </ClInclude>
    <ClInclude Include="..\soundlib\ITCompression.h">
      <Filter>Header Files\soundlib</Filter>
    </ClInclude>
    <ClInclude Include="..\soundlib\Loaders.h">
      <Filter>Header Files\soundlib</Filter>
    </ClInclude>
    <ClInclude Include="..\soundlib\XMTools.h">
      <Filter>Header Files\soundlib</Filter>
    </ClInclude>
    <ClInclude Include="..\soundlib\Message.h">
      <Filter>Header Files\soundlib</Filter>
    </ClInclude>
    <ClInclude Include="..\soundlib\MIDIEvents.h">
      <Filter>Header Files\soundlib</Filter>
    </ClInclude>
    <ClInclude Include="..\soundlib\MIDIMacros.h">
      <Filter>Header Files\soundlib</Filter>
    </ClInclude>
    <ClInclude Include="..\soundlib\MixerSettings.h">
      <Filter>Header Files\soundlib</Filter>
    </ClInclude>
    <ClInclude Include="..\soundlib\mod_specifications.h">
      <Filter>Header Files\soundlib</Filter>
    </ClInclude>
    <ClInclude Include="..\soundlib\ModChannel.h">
      <Filter>Header Files\soundlib</Filter>
    </ClInclude>
    <ClInclude Include="..\soundlib\modcommand.h">
      <Filter>Header Files\soundlib</Filter>
    </ClInclude>
    <ClInclude Include="..\soundlib\ModInstrument.h">
      <Filter>Header Files\soundlib</Filter>
    </ClInclude>
    <ClInclude Include="..\soundlib\ModSample.h">
      <Filter>Header Files\soundlib</Filter>
    </ClInclude>
    <ClInclude Include="..\soundlib\ModSequence.h">
      <Filter>Header Files\soundlib</Filter>
    </ClInclude>
    <ClInclude Include="..\soundlib\modsmp_ctrl.h">
      <Filter>Header Files\soundlib</Filter>
    </ClInclude>
    <ClInclude Include="..\soundlib\pattern.h">
      <Filter>Header Files\soundlib</Filter>
    </ClInclude>
    <ClInclude Include="..\soundlib\patternContainer.h">
      <Filter>Header Files\soundlib</Filter>
    </ClInclude>
    <ClInclude Include="..\soundlib\Resampler.h">
      <Filter>Header Files\soundlib</Filter>
    </ClInclude>
    <ClInclude Include="..\soundlib\RowVisitor.h">
      <Filter>Header Files\soundlib</Filter>
    </ClInclude>
    <ClInclude Include="..\soundlib\SampleFormatConverters.h">
      <Filter>Header Files\soundlib</Filter>
    </ClInclude>
    <ClInclude Include="..\soundlib\SampleIO.h">
      <Filter>Header Files\soundlib</Filter>
    </ClInclude>
    <ClInclude Include="..\soundlib\Snd_defs.h">
      <Filter>Header Files\soundlib</Filter>
    </ClInclude>
    <ClInclude Include="..\soundlib\Sndfile.h">
      <Filter>Header Files\soundlib</Filter>
    </ClInclude>
    <ClInclude Include="..\soundlib\SoundFilePlayConfig.h">
      <Filter>Header Files\soundlib</Filter>
    </ClInclude>
    <ClInclude Include="..\soundlib\Tables.h">
      <Filter>Header Files\soundlib</Filter>
    </ClInclude>
    <ClInclude Include="..\soundlib\tuning.h">
      <Filter>Header Files\soundlib</Filter>
    </ClInclude>
    <ClInclude Include="..\soundlib\tuningbase.h">
      <Filter>Header Files\soundlib</Filter>
    </ClInclude>
    <ClInclude Include="..\soundlib\tuningcollection.h">
      <Filter>Header Files\soundlib</Filter>
    </ClInclude>
    <ClInclude Include="..\soundlib\Wav.h">
      <Filter>Header Files\soundlib</Filter>
    </ClInclude>
    <ClInclude Include="..\soundlib\WAVTools.h">
      <Filter>Header Files\soundlib</Filter>
    </ClInclude>
    <ClInclude Include="..\soundlib\WindowedFIR.h">
      <Filter>Header Files\soundlib</Filter>
    </ClInclude>
    <ClInclude Include="libopenmpt.hpp">
      <Filter>Header Files</Filter>
    </ClInclude>
    <ClInclude Include="libopenmpt_config.h">
      <Filter>Header Files</Filter>
    </ClInclude>
    <ClInclude Include="libopenmpt_internal.h">
      <Filter>Header Files</Filter>
    </ClInclude>
    <ClInclude Include="libopenmpt_version.h">
      <Filter>Header Files</Filter>
    </ClInclude>
    <ClInclude Include="..\common\svn_version_default\svn_version.h">
      <Filter>Header Files\common</Filter>
    </ClInclude>
    <ClInclude Include="..\common\version.h">
      <Filter>Header Files\common</Filter>
    </ClInclude>
    <ClInclude Include="libopenmpt_impl.hpp">
      <Filter>Header Files</Filter>
    </ClInclude>
    <ClInclude Include="..\common\BuildSettings.h">
      <Filter>Header Files\common</Filter>
    </ClInclude>
    <ClInclude Include="libopenmpt_interactive.hpp">
      <Filter>Header Files</Filter>
    </ClInclude>
    <ClInclude Include="..\common\versionNumber.h">
      <Filter>Header Files\common</Filter>
    </ClInclude>
    <ClInclude Include="..\common\CompilerDetect.h">
      <Filter>Header Files\common</Filter>
    </ClInclude>
    <ClInclude Include="..\test\test.h">
      <Filter>Header Files\test</Filter>
    </ClInclude>
    <ClInclude Include="..\common\Logging.h">
      <Filter>Header Files\common</Filter>
    </ClInclude>
    <ClInclude Include="..\include\pugixml\src\pugiconfig.hpp">
      <Filter>Header Files\pugixml</Filter>
    </ClInclude>
    <ClInclude Include="..\include\pugixml\src\pugixml.hpp">
      <Filter>Header Files\pugixml</Filter>
    </ClInclude>
    <ClInclude Include="..\soundlib\S3MTools.h">
      <Filter>Header Files\soundlib</Filter>
    </ClInclude>
    <ClInclude Include="..\common\svn_version_subwcrev\svn_version.template.h">
      <Filter>Header Files\common</Filter>
    </ClInclude>
    <ClInclude Include="..\soundlib\Dither.h">
      <Filter>Header Files\soundlib</Filter>
    </ClInclude>
    <ClInclude Include="..\soundlib\AudioReadTarget.h">
      <Filter>Header Files\soundlib</Filter>
    </ClInclude>
    <ClInclude Include="..\soundlib\MixerLoops.h">
      <Filter>Header Files\soundlib</Filter>
    </ClInclude>
    <ClInclude Include="..\soundlib\SampleFormat.h">
      <Filter>Header Files\soundlib</Filter>
    </ClInclude>
    <ClInclude Include="..\soundlib\Tagging.h">
      <Filter>Header Files\soundlib</Filter>
    </ClInclude>
    <ClInclude Include="libopenmpt_settings.hpp">
      <Filter>Header Files</Filter>
    </ClInclude>
    <ClInclude Include="libopenmpt_settings.h">
      <Filter>Header Files</Filter>
    </ClInclude>
    <ClInclude Include="libopenmpt_stream_callbacks_fd.h">
      <Filter>Header Files</Filter>
    </ClInclude>
    <ClInclude Include="libopenmpt_stream_callbacks_file.h">
      <Filter>Header Files</Filter>
    </ClInclude>
    <ClInclude Include="..\common\mptFstream.h">
      <Filter>Header Files\common</Filter>
    </ClInclude>
  </ItemGroup>
  <ItemGroup>
    <ClCompile Include="..\common\AudioCriticalSection.cpp">
      <Filter>Source Files\common</Filter>
    </ClCompile>
    <ClCompile Include="..\common\typedefs.cpp">
      <Filter>Source Files\common</Filter>
    </ClCompile>
    <ClCompile Include="..\common\misc_util.cpp">
      <Filter>Source Files\common</Filter>
    </ClCompile>
    <ClCompile Include="..\common\mptString.cpp">
      <Filter>Source Files\common</Filter>
    </ClCompile>
    <ClCompile Include="..\common\Profiler.cpp">
      <Filter>Source Files\common</Filter>
    </ClCompile>
    <ClCompile Include="..\common\serialization_utils.cpp">
      <Filter>Source Files\common</Filter>
    </ClCompile>
    <ClCompile Include="..\common\stdafx.cpp">
      <Filter>Source Files\common</Filter>
    </ClCompile>
    <ClCompile Include="libopenmpt.cpp">
      <Filter>Source Files</Filter>
    </ClCompile>
    <ClCompile Include="..\soundlib\ITTools.cpp">
      <Filter>Source Files\soundlib</Filter>
    </ClCompile>
    <ClCompile Include="..\soundlib\Dlsbank.cpp">
      <Filter>Source Files\soundlib</Filter>
    </ClCompile>
    <ClCompile Include="..\soundlib\Fastmix.cpp">
      <Filter>Source Files\soundlib</Filter>
    </ClCompile>
    <ClCompile Include="..\soundlib\ITCompression.cpp">
      <Filter>Source Files\soundlib</Filter>
    </ClCompile>
    <ClCompile Include="..\soundlib\Load_669.cpp">
      <Filter>Source Files\soundlib</Filter>
    </ClCompile>
    <ClCompile Include="..\soundlib\XMTools.cpp">
      <Filter>Source Files\soundlib</Filter>
    </ClCompile>
    <ClCompile Include="..\soundlib\Load_amf.cpp">
      <Filter>Source Files\soundlib</Filter>
    </ClCompile>
    <ClCompile Include="..\soundlib\Load_ams.cpp">
      <Filter>Source Files\soundlib</Filter>
    </ClCompile>
    <ClCompile Include="..\soundlib\Load_dbm.cpp">
      <Filter>Source Files\soundlib</Filter>
    </ClCompile>
    <ClCompile Include="..\soundlib\Load_dmf.cpp">
      <Filter>Source Files\soundlib</Filter>
    </ClCompile>
    <ClCompile Include="..\soundlib\Load_dsm.cpp">
      <Filter>Source Files\soundlib</Filter>
    </ClCompile>
    <ClCompile Include="..\soundlib\Load_far.cpp">
      <Filter>Source Files\soundlib</Filter>
    </ClCompile>
    <ClCompile Include="..\soundlib\Load_gdm.cpp">
      <Filter>Source Files\soundlib</Filter>
    </ClCompile>
    <ClCompile Include="..\soundlib\Load_imf.cpp">
      <Filter>Source Files\soundlib</Filter>
    </ClCompile>
    <ClCompile Include="..\soundlib\Load_it.cpp">
      <Filter>Source Files\soundlib</Filter>
    </ClCompile>
    <ClCompile Include="..\soundlib\Load_itp.cpp">
      <Filter>Source Files\soundlib</Filter>
    </ClCompile>
    <ClCompile Include="..\soundlib\load_j2b.cpp">
      <Filter>Source Files\soundlib</Filter>
    </ClCompile>
    <ClCompile Include="..\soundlib\Load_mdl.cpp">
      <Filter>Source Files\soundlib</Filter>
    </ClCompile>
    <ClCompile Include="..\soundlib\Load_med.cpp">
      <Filter>Source Files\soundlib</Filter>
    </ClCompile>
    <ClCompile Include="..\soundlib\Load_mid.cpp">
      <Filter>Source Files\soundlib</Filter>
    </ClCompile>
    <ClCompile Include="..\soundlib\Load_mo3.cpp">
      <Filter>Source Files\soundlib</Filter>
    </ClCompile>
    <ClCompile Include="..\soundlib\Load_mod.cpp">
      <Filter>Source Files\soundlib</Filter>
    </ClCompile>
    <ClCompile Include="..\soundlib\Load_mt2.cpp">
      <Filter>Source Files\soundlib</Filter>
    </ClCompile>
    <ClCompile Include="..\soundlib\Load_mtm.cpp">
      <Filter>Source Files\soundlib</Filter>
    </ClCompile>
    <ClCompile Include="..\soundlib\Load_okt.cpp">
      <Filter>Source Files\soundlib</Filter>
    </ClCompile>
    <ClCompile Include="..\soundlib\Load_psm.cpp">
      <Filter>Source Files\soundlib</Filter>
    </ClCompile>
    <ClCompile Include="..\soundlib\Load_ptm.cpp">
      <Filter>Source Files\soundlib</Filter>
    </ClCompile>
    <ClCompile Include="..\soundlib\Load_s3m.cpp">
      <Filter>Source Files\soundlib</Filter>
    </ClCompile>
    <ClCompile Include="..\soundlib\Load_stm.cpp">
      <Filter>Source Files\soundlib</Filter>
    </ClCompile>
    <ClCompile Include="..\soundlib\Load_ult.cpp">
      <Filter>Source Files\soundlib</Filter>
    </ClCompile>
    <ClCompile Include="..\soundlib\Load_umx.cpp">
      <Filter>Source Files\soundlib</Filter>
    </ClCompile>
    <ClCompile Include="..\soundlib\Load_wav.cpp">
      <Filter>Source Files\soundlib</Filter>
    </ClCompile>
    <ClCompile Include="..\soundlib\Load_xm.cpp">
      <Filter>Source Files\soundlib</Filter>
    </ClCompile>
    <ClCompile Include="..\soundlib\Message.cpp">
      <Filter>Source Files\soundlib</Filter>
    </ClCompile>
    <ClCompile Include="..\soundlib\MIDIEvents.cpp">
      <Filter>Source Files\soundlib</Filter>
    </ClCompile>
    <ClCompile Include="..\soundlib\MIDIMacros.cpp">
      <Filter>Source Files\soundlib</Filter>
    </ClCompile>
    <ClCompile Include="..\soundlib\MixerSettings.cpp">
      <Filter>Source Files\soundlib</Filter>
    </ClCompile>
    <ClCompile Include="..\soundlib\Mmcmp.cpp">
      <Filter>Source Files\soundlib</Filter>
    </ClCompile>
    <ClCompile Include="..\soundlib\mod_specifications.cpp">
      <Filter>Source Files\soundlib</Filter>
    </ClCompile>
    <ClCompile Include="..\soundlib\ModChannel.cpp">
      <Filter>Source Files\soundlib</Filter>
    </ClCompile>
    <ClCompile Include="..\soundlib\modcommand.cpp">
      <Filter>Source Files\soundlib</Filter>
    </ClCompile>
    <ClCompile Include="..\soundlib\ModInstrument.cpp">
      <Filter>Source Files\soundlib</Filter>
    </ClCompile>
    <ClCompile Include="..\soundlib\ModSample.cpp">
      <Filter>Source Files\soundlib</Filter>
    </ClCompile>
    <ClCompile Include="..\soundlib\ModSequence.cpp">
      <Filter>Source Files\soundlib</Filter>
    </ClCompile>
    <ClCompile Include="..\soundlib\modsmp_ctrl.cpp">
      <Filter>Source Files\soundlib</Filter>
    </ClCompile>
    <ClCompile Include="..\soundlib\pattern.cpp">
      <Filter>Source Files\soundlib</Filter>
    </ClCompile>
    <ClCompile Include="..\soundlib\patternContainer.cpp">
      <Filter>Source Files\soundlib</Filter>
    </ClCompile>
    <ClCompile Include="..\soundlib\RowVisitor.cpp">
      <Filter>Source Files\soundlib</Filter>
    </ClCompile>
    <ClCompile Include="..\soundlib\SampleFormats.cpp">
      <Filter>Source Files\soundlib</Filter>
    </ClCompile>
    <ClCompile Include="..\soundlib\SampleIO.cpp">
      <Filter>Source Files\soundlib</Filter>
    </ClCompile>
    <ClCompile Include="..\soundlib\Snd_flt.cpp">
      <Filter>Source Files\soundlib</Filter>
    </ClCompile>
    <ClCompile Include="..\soundlib\Snd_fx.cpp">
      <Filter>Source Files\soundlib</Filter>
    </ClCompile>
    <ClCompile Include="..\soundlib\Sndfile.cpp">
      <Filter>Source Files\soundlib</Filter>
    </ClCompile>
    <ClCompile Include="..\soundlib\Sndmix.cpp">
      <Filter>Source Files\soundlib</Filter>
    </ClCompile>
    <ClCompile Include="..\soundlib\SoundFilePlayConfig.cpp">
      <Filter>Source Files\soundlib</Filter>
    </ClCompile>
    <ClCompile Include="..\soundlib\Tables.cpp">
      <Filter>Source Files\soundlib</Filter>
    </ClCompile>
    <ClCompile Include="..\soundlib\tuning.cpp">
      <Filter>Source Files\soundlib</Filter>
    </ClCompile>
    <ClCompile Include="..\soundlib\tuningbase.cpp">
      <Filter>Source Files\soundlib</Filter>
    </ClCompile>
    <ClCompile Include="..\soundlib\tuningCollection.cpp">
      <Filter>Source Files\soundlib</Filter>
    </ClCompile>
    <ClCompile Include="..\soundlib\WAVTools.cpp">
      <Filter>Source Files\soundlib</Filter>
    </ClCompile>
    <ClCompile Include="..\soundlib\WindowedFIR.cpp">
      <Filter>Source Files\soundlib</Filter>
    </ClCompile>
    <ClCompile Include="..\common\version.cpp">
      <Filter>Source Files\common</Filter>
    </ClCompile>
    <ClCompile Include="libopenmpt_modplug.c">
      <Filter>Source Files</Filter>
    </ClCompile>
    <ClCompile Include="libopenmpt_winamp.cpp">
      <Filter>Source Files</Filter>
    </ClCompile>
    <ClCompile Include="libopenmpt_c.cpp">
      <Filter>Source Files</Filter>
    </ClCompile>
    <ClCompile Include="libopenmpt_cxx.cpp">
      <Filter>Source Files</Filter>
    </ClCompile>
    <ClCompile Include="libopenmpt_version.cpp">
      <Filter>Source Files</Filter>
    </ClCompile>
    <ClCompile Include="libopenmpt_interactive.cpp">
      <Filter>Source Files</Filter>
    </ClCompile>
    <ClCompile Include="libopenmpt_xmplay.cpp">
      <Filter>Source Files</Filter>
    </ClCompile>
    <ClCompile Include="..\soundlib\Load_digi.cpp">
      <Filter>Source Files\soundlib</Filter>
    </ClCompile>
    <ClCompile Include="..\test\test.cpp">
      <Filter>Source Files\test</Filter>
    </ClCompile>
    <ClCompile Include="libopenmpt_impl.cpp">
      <Filter>Source Files</Filter>
    </ClCompile>
    <ClCompile Include="..\include\pugixml\src\pugixml.cpp">
      <Filter>Source Files\pugixml</Filter>
    </ClCompile>
    <ClCompile Include="..\soundlib\S3MTools.cpp">
      <Filter>Source Files\soundlib</Filter>
    </ClCompile>
    <ClCompile Include="libopenmpt_test.cpp">
      <Filter>Source Files</Filter>
    </ClCompile>
    <ClCompile Include="..\soundlib\Dither.cpp">
      <Filter>Source Files\soundlib</Filter>
    </ClCompile>
    <ClCompile Include="..\soundlib\MixerLoops.cpp">
      <Filter>Source Files\soundlib</Filter>
    </ClCompile>
    <ClCompile Include="..\soundlib\Tagging.cpp">
      <Filter>Source Files\soundlib</Filter>
    </ClCompile>
    <ClCompile Include="..\include\miniz\miniz.c">
      <Filter>Source Files\miniz</Filter>
    </ClCompile>
  </ItemGroup>
</Project>