<?xml version="1.0" encoding="utf-8"?>
<Project ToolsVersion="4.0" xmlns="http://schemas.microsoft.com/developer/msbuild/2003">
  <ItemGroup>
    <Filter Include="Source Files">
      <UniqueIdentifier>{f9bf58c4-374f-49a5-94db-1f5ae50beca1}</UniqueIdentifier>
      <Extensions>cpp;c;cxx;rc;def;r;odl;idl;hpj;bat</Extensions>
    </Filter>
    <Filter Include="Header Files">
      <UniqueIdentifier>{07b1c50a-a3ad-4711-9ae0-d1411b80fd7a}</UniqueIdentifier>
      <Extensions>h;hpp;hxx;hm;inl</Extensions>
    </Filter>
  </ItemGroup>
  <ItemGroup>
    <ClCompile Include="clipboard.cpp">
      <Filter>Source Files</Filter>
    </ClCompile>
    <ClCompile Include="create_directory_helper.cpp">
      <Filter>Source Files</Filter>
    </ClCompile>
    <ClCompile Include="cue_creator.cpp">
      <Filter>Source Files</Filter>
    </ClCompile>
    <ClCompile Include="cue_parser.cpp">
      <Filter>Source Files</Filter>
    </ClCompile>
    <ClCompile Include="cue_parser_embedding.cpp">
      <Filter>Source Files</Filter>
    </ClCompile>
    <ClCompile Include="cuesheet_index_list.cpp">
      <Filter>Source Files</Filter>
    </ClCompile>
    <ClCompile Include="dialog_resize_helper.cpp">
      <Filter>Source Files</Filter>
    </ClCompile>
    <ClCompile Include="dropdown_helper.cpp">
      <Filter>Source Files</Filter>
    </ClCompile>
    <ClCompile Include="dynamic_bitrate_helper.cpp">
      <Filter>Source Files</Filter>
    </ClCompile>
    <ClCompile Include="file_info_const_impl.cpp">
      <Filter>Source Files</Filter>
    </ClCompile>
    <ClCompile Include="file_list_helper.cpp">
      <Filter>Source Files</Filter>
    </ClCompile>
    <ClCompile Include="file_move_helper.cpp">
      <Filter>Source Files</Filter>
    </ClCompile>
    <ClCompile Include="filetimetools.cpp">
      <Filter>Source Files</Filter>
    </ClCompile>
    <ClCompile Include="IDataObjectUtils.cpp">
      <Filter>Source Files</Filter>
    </ClCompile>
    <ClCompile Include="input_helpers.cpp">
      <Filter>Source Files</Filter>
    </ClCompile>
    <ClCompile Include="listview_helper.cpp">
      <Filter>Source Files</Filter>
    </ClCompile>
    <ClCompile Include="metadb_io_hintlist.cpp">
      <Filter>Source Files</Filter>
    </ClCompile>
    <ClCompile Include="mp3_utils.cpp">
      <Filter>Source Files</Filter>
    </ClCompile>
    <ClCompile Include="seekabilizer.cpp">
      <Filter>Source Files</Filter>
    </ClCompile>
    <ClCompile Include="StdAfx.cpp">
      <Filter>Source Files</Filter>
    </ClCompile>
    <ClCompile Include="stream_buffer_helper.cpp">
      <Filter>Source Files</Filter>
    </ClCompile>
    <ClCompile Include="text_file_loader.cpp">
      <Filter>Source Files</Filter>
    </ClCompile>
    <ClCompile Include="VisUtils.cpp">
      <Filter>Source Files</Filter>
    </ClCompile>
    <ClCompile Include="win32_dialog.cpp">
      <Filter>Source Files</Filter>
    </ClCompile>
    <ClCompile Include="win32_misc.cpp">
      <Filter>Source Files</Filter>
    </ClCompile>
    <ClCompile Include="window_placement_helper.cpp">
      <Filter>Source Files</Filter>
    </ClCompile>
    <ClCompile Include="file_win32_wrapper.cpp">
      <Filter>Source Files</Filter>
    </ClCompile>
    <ClCompile Include="CPowerRequest.cpp">
      <Filter>Source Files</Filter>
    </ClCompile>
    <ClCompile Include="writer_wav.cpp">
      <Filter>Source Files</Filter>
    </ClCompile>
  </ItemGroup>
  <ItemGroup>
    <ClInclude Include="bitreader_helper.h">
      <Filter>Header Files</Filter>
    </ClInclude>
    <ClInclude Include="CallForwarder.h">
      <Filter>Header Files</Filter>
    </ClInclude>
    <ClInclude Include="cfg_guidlist.h">
      <Filter>Header Files</Filter>
    </ClInclude>
    <ClInclude Include="clipboard.h">
      <Filter>Header Files</Filter>
    </ClInclude>
    <ClInclude Include="COM_utils.h">
      <Filter>Header Files</Filter>
    </ClInclude>
    <ClInclude Include="create_directory_helper.h">
      <Filter>Header Files</Filter>
    </ClInclude>
    <ClInclude Include="cue_creator.h">
      <Filter>Header Files</Filter>
    </ClInclude>
    <ClInclude Include="cue_parser.h">
      <Filter>Header Files</Filter>
    </ClInclude>
    <ClInclude Include="cuesheet_index_list.h">
      <Filter>Header Files</Filter>
    </ClInclude>
    <ClInclude Include="dialog_resize_helper.h">
      <Filter>Header Files</Filter>
    </ClInclude>
    <ClInclude Include="dropdown_helper.h">
      <Filter>Header Files</Filter>
    </ClInclude>
    <ClInclude Include="dynamic_bitrate_helper.h">
      <Filter>Header Files</Filter>
    </ClInclude>
    <ClInclude Include="file_cached.h">
      <Filter>Header Files</Filter>
    </ClInclude>
    <ClInclude Include="file_info_const_impl.h">
      <Filter>Header Files</Filter>
    </ClInclude>
    <ClInclude Include="file_list_helper.h">
      <Filter>Header Files</Filter>
    </ClInclude>
    <ClInclude Include="file_move_helper.h">
      <Filter>Header Files</Filter>
    </ClInclude>
    <ClInclude Include="file_win32_wrapper.h">
      <Filter>Header Files</Filter>
    </ClInclude>
    <ClInclude Include="filetimetools.h">
      <Filter>Header Files</Filter>
    </ClInclude>
    <ClInclude Include="helpers.h">
      <Filter>Header Files</Filter>
    </ClInclude>
    <ClInclude Include="icon_remapping_wildcard.h">
      <Filter>Header Files</Filter>
    </ClInclude>
    <ClInclude Include="IDataObjectUtils.h">
      <Filter>Header Files</Filter>
    </ClInclude>
    <ClInclude Include="input_helpers.h">
      <Filter>Header Files</Filter>
    </ClInclude>
    <ClInclude Include="listview_helper.h">
      <Filter>Header Files</Filter>
    </ClInclude>
    <ClInclude Include="meta_table_builder.h">
      <Filter>Header Files</Filter>
    </ClInclude>
    <ClInclude Include="metadb_io_hintlist.h">
      <Filter>Header Files</Filter>
    </ClInclude>
    <ClInclude Include="mp3_utils.h">
      <Filter>Header Files</Filter>
    </ClInclude>
    <ClInclude Include="playlist_position_reference_tracker.h">
      <Filter>Header Files</Filter>
    </ClInclude>
    <ClInclude Include="ProfileCache.h">
      <Filter>Header Files</Filter>
    </ClInclude>
    <ClInclude Include="seekabilizer.h">
      <Filter>Header Files</Filter>
    </ClInclude>
    <ClInclude Include="StdAfx.h">
      <Filter>Header Files</Filter>
    </ClInclude>
    <ClInclude Include="stream_buffer_helper.h">
      <Filter>Header Files</Filter>
    </ClInclude>
    <ClInclude Include="string_filter.h">
      <Filter>Header Files</Filter>
    </ClInclude>
    <ClInclude Include="text_file_loader.h">
      <Filter>Header Files</Filter>
    </ClInclude>
    <ClInclude Include="ThreadUtils.h">
      <Filter>Header Files</Filter>
    </ClInclude>
    <ClInclude Include="VisUtils.h">
      <Filter>Header Files</Filter>
    </ClInclude>
    <ClInclude Include="win32_dialog.h">
      <Filter>Header Files</Filter>
    </ClInclude>
    <ClInclude Include="win32_misc.h">
      <Filter>Header Files</Filter>
    </ClInclude>
    <ClInclude Include="window_placement_helper.h">
      <Filter>Header Files</Filter>
    </ClInclude>
    <ClInclude Include="ProcessUtils.h">
      <Filter>Header Files</Filter>
    </ClInclude>
    <ClInclude Include="fullFileBuffer.h">
      <Filter>Header Files</Filter>
    </ClInclude>
    <ClInclude Include="CPowerRequest.h">
      <Filter>Header Files</Filter>
    </ClInclude>
    <ClInclude Include="fb2k_threads.h">
      <Filter>Header Files</Filter>
    </ClInclude>
    <ClInclude Include="writer_wav.h">
      <Filter>Header Files</Filter>
    </ClInclude>
  </ItemGroup>
</Project>