<?xml version="1.0" encoding="utf-8"?>
<Project ToolsVersion="4.0" xmlns="http://schemas.microsoft.com/developer/msbuild/2003">
  <ItemGroup>
    <ClInclude Include="AEffectWrapper.h">
      <Filter>Header Files</Filter>
    </ClInclude>
    <ClInclude Include="BridgeCommon.h">
      <Filter>Header Files</Filter>
    </ClInclude>
    <ClInclude Include="Bridge.h">
      <Filter>Header Files</Filter>
    </ClInclude>
    <ClInclude Include="BridgeOpCodes.h">
      <Filter>Header Files</Filter>
    </ClInclude>
  </ItemGroup>
  <ItemGroup>
    <Filter Include="Header Files">
      <UniqueIdentifier>{0c990f58-4b47-494a-9a5e-703c3072ae3d}</UniqueIdentifier>
    </Filter>
    <Filter Include="Source Files">
      <UniqueIdentifier>{b66d47de-af61-44dd-9f4d-b96da148b066}</UniqueIdentifier>
    </Filter>
    <Filter Include="Resource Files">
      <UniqueIdentifier>{71065eeb-f54e-497e-b4b8-8b8939335852}</UniqueIdentifier>
    </Filter>
  </ItemGroup>
  <ItemGroup>
    <ClCompile Include="Bridge.cpp">
      <Filter>Source Files</Filter>
    </ClCompile>
  </ItemGroup>
  <ItemGroup>
    <ResourceCompile Include="PluginBridge.rc">
      <Filter>Resource Files</Filter>
    </ResourceCompile>
  </ItemGroup>
</Project>