<?xml version="1.0" encoding="utf-8"?>
<Project ToolsVersion="4.0" xmlns="http://schemas.microsoft.com/developer/msbuild/2003">
	<ItemGroup>
		<Filter Include="src">
			<UniqueIdentifier>{C7DF4DA4-81D6-C14C-8755-F9F64D5469F8}</UniqueIdentifier>
		</Filter>
		<Filter Include="src\libFLAC">
			<UniqueIdentifier>{18BBCF5D-DA3A-384A-8346-98F0C474457F}</UniqueIdentifier>
		</Filter>
		<Filter Include="src\libFLAC\include">
			<UniqueIdentifier>{236E0FCD-E5F3-8F4B-B347-269E6B84A0D3}</UniqueIdentifier>
		</Filter>
		<Filter Include="src\libFLAC\include\private">
			<UniqueIdentifier>{B61606EA-324C-1444-9095-1A0C8DFA0454}</UniqueIdentifier>
		</Filter>
		<Filter Include="src\libFLAC\include\protected">
			<UniqueIdentifier>{5362FF1D-ACAA-0B49-B0A8-B6888135580B}</UniqueIdentifier>
		</Filter>
		<Filter Include="include">
			<UniqueIdentifier>{1AD6DE94-BBD9-2D46-8047-02AE7ADDC671}</UniqueIdentifier>
		</Filter>
		<Filter Include="include\FLAC">
			<UniqueIdentifier>{BB586A5B-E0AE-3B44-AEF2-7F5D54961ACB}</UniqueIdentifier>
		</Filter>
	</ItemGroup>
	<ItemGroup>
		<ClInclude Include="src\libFLAC\include\private\all.h">
			<Filter>src\libFLAC\include\private</Filter>
		</ClInclude>
		<ClInclude Include="src\libFLAC\include\private\bitmath.h">
			<Filter>src\libFLAC\include\private</Filter>
		</ClInclude>
		<ClInclude Include="src\libFLAC\include\private\bitreader.h">
			<Filter>src\libFLAC\include\private</Filter>
		</ClInclude>
		<ClInclude Include="src\libFLAC\include\private\bitwriter.h">
			<Filter>src\libFLAC\include\private</Filter>
		</ClInclude>
		<ClInclude Include="src\libFLAC\include\private\cpu.h">
			<Filter>src\libFLAC\include\private</Filter>
		</ClInclude>
		<ClInclude Include="src\libFLAC\include\private\crc.h">
			<Filter>src\libFLAC\include\private</Filter>
		</ClInclude>
		<ClInclude Include="src\libFLAC\include\private\fixed.h">
			<Filter>src\libFLAC\include\private</Filter>
		</ClInclude>
		<ClInclude Include="src\libFLAC\include\private\float.h">
			<Filter>src\libFLAC\include\private</Filter>
		</ClInclude>
		<ClInclude Include="src\libFLAC\include\private\format.h">
			<Filter>src\libFLAC\include\private</Filter>
		</ClInclude>
		<ClInclude Include="src\libFLAC\include\private\lpc.h">
			<Filter>src\libFLAC\include\private</Filter>
		</ClInclude>
		<ClInclude Include="src\libFLAC\include\private\md5.h">
			<Filter>src\libFLAC\include\private</Filter>
		</ClInclude>
		<ClInclude Include="src\libFLAC\include\private\memory.h">
			<Filter>src\libFLAC\include\private</Filter>
		</ClInclude>
		<ClInclude Include="src\libFLAC\include\private\metadata.h">
			<Filter>src\libFLAC\include\private</Filter>
		</ClInclude>
		<ClInclude Include="src\libFLAC\include\private\stream_encoder_framing.h">
			<Filter>src\libFLAC\include\private</Filter>
		</ClInclude>
		<ClInclude Include="src\libFLAC\include\private\window.h">
			<Filter>src\libFLAC\include\private</Filter>
		</ClInclude>
		<ClInclude Include="src\libFLAC\include\protected\all.h">
			<Filter>src\libFLAC\include\protected</Filter>
		</ClInclude>
		<ClInclude Include="src\libFLAC\include\protected\stream_decoder.h">
			<Filter>src\libFLAC\include\protected</Filter>
		</ClInclude>
		<ClInclude Include="src\libFLAC\include\protected\stream_encoder.h">
			<Filter>src\libFLAC\include\protected</Filter>
		</ClInclude>
		<ClInclude Include="include\FLAC\all.h">
			<Filter>include\FLAC</Filter>
		</ClInclude>
		<ClInclude Include="include\FLAC\assert.h">
			<Filter>include\FLAC</Filter>
		</ClInclude>
		<ClInclude Include="include\FLAC\callback.h">
			<Filter>include\FLAC</Filter>
		</ClInclude>
		<ClInclude Include="include\FLAC\export.h">
			<Filter>include\FLAC</Filter>
		</ClInclude>
		<ClInclude Include="include\FLAC\format.h">
			<Filter>include\FLAC</Filter>
		</ClInclude>
		<ClInclude Include="include\FLAC\metadata.h">
			<Filter>include\FLAC</Filter>
		</ClInclude>
		<ClInclude Include="include\FLAC\ordinals.h">
			<Filter>include\FLAC</Filter>
		</ClInclude>
		<ClInclude Include="include\FLAC\stream_decoder.h">
			<Filter>include\FLAC</Filter>
		</ClInclude>
		<ClInclude Include="include\FLAC\stream_encoder.h">
			<Filter>include\FLAC</Filter>
		</ClInclude>
	</ItemGroup>
	<ItemGroup>
		<ClCompile Include="src\libFLAC\bitmath.c">
			<Filter>src\libFLAC</Filter>
		</ClCompile>
		<ClCompile Include="src\libFLAC\bitreader.c">
			<Filter>src\libFLAC</Filter>
		</ClCompile>
		<ClCompile Include="src\libFLAC\bitwriter.c">
			<Filter>src\libFLAC</Filter>
		</ClCompile>
		<ClCompile Include="src\libFLAC\cpu.c">
			<Filter>src\libFLAC</Filter>
		</ClCompile>
		<ClCompile Include="src\libFLAC\crc.c">
			<Filter>src\libFLAC</Filter>
		</ClCompile>
		<ClCompile Include="src\libFLAC\fixed.c">
			<Filter>src\libFLAC</Filter>
		</ClCompile>
		<ClCompile Include="src\libFLAC\float.c">
			<Filter>src\libFLAC</Filter>
		</ClCompile>
		<ClCompile Include="src\libFLAC\format.c">
			<Filter>src\libFLAC</Filter>
		</ClCompile>
		<ClCompile Include="src\libFLAC\lpc.c">
			<Filter>src\libFLAC</Filter>
		</ClCompile>
		<ClCompile Include="src\libFLAC\md5.c">
			<Filter>src\libFLAC</Filter>
		</ClCompile>
		<ClCompile Include="src\libFLAC\memory.c">
			<Filter>src\libFLAC</Filter>
		</ClCompile>
		<ClCompile Include="src\libFLAC\metadata_iterators.c">
			<Filter>src\libFLAC</Filter>
		</ClCompile>
		<ClCompile Include="src\libFLAC\metadata_object.c">
			<Filter>src\libFLAC</Filter>
		</ClCompile>
		<ClCompile Include="src\libFLAC\stream_decoder.c">
			<Filter>src\libFLAC</Filter>
		</ClCompile>
		<ClCompile Include="src\libFLAC\stream_encoder.c">
			<Filter>src\libFLAC</Filter>
		</ClCompile>
		<ClCompile Include="src\libFLAC\stream_encoder_framing.c">
			<Filter>src\libFLAC</Filter>
		</ClCompile>
		<ClCompile Include="src\libFLAC\window.c">
			<Filter>src\libFLAC</Filter>
		</ClCompile>
	</ItemGroup>
</Project>
