Microsoft Visual Studio Solution File, Format Version 8.00
Project("{8BC9CEB8-8B4A-11D0-8D11-00A0C91BC942}") = "mptrack", "mptrack.vcproj", "{DB18719C-9177-4632-A9E0-7E72E2E6B05E}"
	ProjectSection(ProjectDependencies) = postProject
		{1FF4AB04-B22F-4CB8-AA2A-0C5095B5FEE4} = {1FF4AB04-B22F-4CB8-AA2A-0C5095B5FEE4}
		{DCC2BB2F-6778-4FD3-9C00-D6CD8DC917B8} = {DCC2BB2F-6778-4FD3-9C00-D6CD8DC917B8}
		{71531076-78C7-488D-8FD6-9D841F20AADE} = {71531076-78C7-488D-8FD6-9D841F20AADE}
		{3C7281B0-D0E2-48ED-AE4D-A181FC77D8F7} = {3C7281B0-D0E2-48ED-AE4D-A181FC77D8F7}
	EndProjectSection
EndProject
Project("{8BC9CEB8-8B4A-11D0-8D11-00A0C91BC942}") = "unlha", "..\unlha\unlha.vcproj", "{71531076-78C7-488D-8FD6-9D841F20AADE}"
	ProjectSection(ProjectDependencies) = postProject
	EndProjectSection
EndProject
Project("{8BC9CEB8-8B4A-11D0-8D11-00A0C91BC942}") = "unrar", "..\UNRAR\UNRAR.vcproj", "{3C7281B0-D0E2-48ED-AE4D-A181FC77D8F7}"
	ProjectSection(ProjectDependencies) = postProject
	EndProjectSection
EndProject
Project("{8BC9CEB8-8B4A-11D0-8D11-00A0C91BC942}") = "unzip", "..\UNZIP\unzip.vcproj", "{1FF4AB04-B22F-4CB8-AA2A-0C5095B5FEE4}"
	ProjectSection(ProjectDependencies) = postProject
	EndProjectSection
EndProject
Project("{8BC9CEB8-8B4A-11D0-8D11-00A0C91BC942}") = "xsoundlib", "..\xsoundlib\xsoundlib.vcproj", "{DCC2BB2F-6778-4FD3-9C00-D6CD8DC917B8}"
	ProjectSection(ProjectDependencies) = postProject
	EndProjectSection
EndProject
Global
	GlobalSection(SolutionConfiguration) = preSolution
		Athlon32 = Athlon32
		Debug = Debug
		Generic = Generic
		P3 = P3
		P4-Athlon64 = P4-Athlon64
	EndGlobalSection
	GlobalSection(ProjectConfiguration) = postSolution
		{DB18719C-9177-4632-A9E0-7E72E2E6B05E}.Athlon32.ActiveCfg = Athlon32|Win32
		{DB18719C-9177-4632-A9E0-7E72E2E6B05E}.Athlon32.Build.0 = Athlon32|Win32
		{DB18719C-9177-4632-A9E0-7E72E2E6B05E}.Debug.ActiveCfg = Debug|Win32
		{DB18719C-9177-4632-A9E0-7E72E2E6B05E}.Debug.Build.0 = Debug|Win32
		{DB18719C-9177-4632-A9E0-7E72E2E6B05E}.Generic.ActiveCfg = Generic|Win32
		{DB18719C-9177-4632-A9E0-7E72E2E6B05E}.Generic.Build.0 = Generic|Win32
		{DB18719C-9177-4632-A9E0-7E72E2E6B05E}.P3.ActiveCfg = P3|Win32
		{DB18719C-9177-4632-A9E0-7E72E2E6B05E}.P3.Build.0 = P3|Win32
		{DB18719C-9177-4632-A9E0-7E72E2E6B05E}.P4-Athlon64.ActiveCfg = P4-Athlon64|Win32
		{DB18719C-9177-4632-A9E0-7E72E2E6B05E}.P4-Athlon64.Build.0 = P4-Athlon64|Win32
		{71531076-78C7-488D-8FD6-9D841F20AADE}.Athlon32.ActiveCfg = Athlon32|Win32
		{71531076-78C7-488D-8FD6-9D841F20AADE}.Athlon32.Build.0 = Athlon32|Win32
		{71531076-78C7-488D-8FD6-9D841F20AADE}.Debug.ActiveCfg = Debug|Win32
		{71531076-78C7-488D-8FD6-9D841F20AADE}.Debug.Build.0 = Debug|Win32
		{71531076-78C7-488D-8FD6-9D841F20AADE}.Generic.ActiveCfg = Generic|Win32
		{71531076-78C7-488D-8FD6-9D841F20AADE}.Generic.Build.0 = Generic|Win32
		{71531076-78C7-488D-8FD6-9D841F20AADE}.P3.ActiveCfg = P3|Win32
		{71531076-78C7-488D-8FD6-9D841F20AADE}.P3.Build.0 = P3|Win32
		{71531076-78C7-488D-8FD6-9D841F20AADE}.P4-Athlon64.ActiveCfg = P4-Athlon64|Win32
		{71531076-78C7-488D-8FD6-9D841F20AADE}.P4-Athlon64.Build.0 = P4-Athlon64|Win32
		{3C7281B0-D0E2-48ED-AE4D-A181FC77D8F7}.Athlon32.ActiveCfg = Athlon32|Win32
		{3C7281B0-D0E2-48ED-AE4D-A181FC77D8F7}.Athlon32.Build.0 = Athlon32|Win32
		{3C7281B0-D0E2-48ED-AE4D-A181FC77D8F7}.Debug.ActiveCfg = Debug|Win32
		{3C7281B0-D0E2-48ED-AE4D-A181FC77D8F7}.Debug.Build.0 = Debug|Win32
		{3C7281B0-D0E2-48ED-AE4D-A181FC77D8F7}.Generic.ActiveCfg = Generic|Win32
		{3C7281B0-D0E2-48ED-AE4D-A181FC77D8F7}.Generic.Build.0 = Generic|Win32
		{3C7281B0-D0E2-48ED-AE4D-A181FC77D8F7}.P3.ActiveCfg = P3|Win32
		{3C7281B0-D0E2-48ED-AE4D-A181FC77D8F7}.P3.Build.0 = P3|Win32
		{3C7281B0-D0E2-48ED-AE4D-A181FC77D8F7}.P4-Athlon64.ActiveCfg = P4-Athlon64|Win32
		{3C7281B0-D0E2-48ED-AE4D-A181FC77D8F7}.P4-Athlon64.Build.0 = P4-Athlon64|Win32
		{1FF4AB04-B22F-4CB8-AA2A-0C5095B5FEE4}.Athlon32.ActiveCfg = Athlon32|Win32
		{1FF4AB04-B22F-4CB8-AA2A-0C5095B5FEE4}.Athlon32.Build.0 = Athlon32|Win32
		{1FF4AB04-B22F-4CB8-AA2A-0C5095B5FEE4}.Debug.ActiveCfg = Debug|Win32
		{1FF4AB04-B22F-4CB8-AA2A-0C5095B5FEE4}.Debug.Build.0 = Debug|Win32
		{1FF4AB04-B22F-4CB8-AA2A-0C5095B5FEE4}.Generic.ActiveCfg = Generic|Win32
		{1FF4AB04-B22F-4CB8-AA2A-0C5095B5FEE4}.Generic.Build.0 = Generic|Win32
		{1FF4AB04-B22F-4CB8-AA2A-0C5095B5FEE4}.P3.ActiveCfg = P3|Win32
		{1FF4AB04-B22F-4CB8-AA2A-0C5095B5FEE4}.P3.Build.0 = P3|Win32
		{1FF4AB04-B22F-4CB8-AA2A-0C5095B5FEE4}.P4-Athlon64.ActiveCfg = P4-Athlon64|Win32
		{1FF4AB04-B22F-4CB8-AA2A-0C5095B5FEE4}.P4-Athlon64.Build.0 = P4-Athlon64|Win32
		{DCC2BB2F-6778-4FD3-9C00-D6CD8DC917B8}.Athlon32.ActiveCfg = Athlon32|Win32
		{DCC2BB2F-6778-4FD3-9C00-D6CD8DC917B8}.Athlon32.Build.0 = Athlon32|Win32
		{DCC2BB2F-6778-4FD3-9C00-D6CD8DC917B8}.Debug.ActiveCfg = Debug|Win32
		{DCC2BB2F-6778-4FD3-9C00-D6CD8DC917B8}.Debug.Build.0 = Debug|Win32
		{DCC2BB2F-6778-4FD3-9C00-D6CD8DC917B8}.Generic.ActiveCfg = Generic|Win32
		{DCC2BB2F-6778-4FD3-9C00-D6CD8DC917B8}.Generic.Build.0 = Generic|Win32
		{DCC2BB2F-6778-4FD3-9C00-D6CD8DC917B8}.P3.ActiveCfg = P3|Win32
		{DCC2BB2F-6778-4FD3-9C00-D6CD8DC917B8}.P3.Build.0 = P3|Win32
		{DCC2BB2F-6778-4FD3-9C00-D6CD8DC917B8}.P4-Athlon64.ActiveCfg = P4-Athlon64|Win32
		{DCC2BB2F-6778-4FD3-9C00-D6CD8DC917B8}.P4-Athlon64.Build.0 = P4-Athlon64|Win32
	EndGlobalSection
	GlobalSection(ExtensibilityGlobals) = postSolution
	EndGlobalSection
	GlobalSection(ExtensibilityAddIns) = postSolution
	EndGlobalSection
EndGlobal
