Microsoft Visual Studio Solution File, Format Version 10.00
# Visual Studio 2008
Project("{8BC9CEB8-8B4A-11D0-8D11-00A0C91BC942}") = "mptrack", "mptrack_08.vcproj", "{21D95071-FB97-4E69-B3B1-050D0D4A5021}"
	ProjectSection(ProjectDependencies) = postProject
		{1654FB18-FDE6-406F-9D84-BA12BFBD67B2} = {1654FB18-FDE6-406F-9D84-BA12BFBD67B2}
		{63AF9025-A6CE-4147-A05D-6E2CCFD3A0D7} = {63AF9025-A6CE-4147-A05D-6E2CCFD3A0D7}
		{189B867F-FF4B-45A1-B741-A97492EE69AF} = {189B867F-FF4B-45A1-B741-A97492EE69AF}
		{6B11F6A8-B131-4D2B-80EF-5731A9016436} = {6B11F6A8-B131-4D2B-80EF-5731A9016436}
		{E599F5AA-F9A3-46CC-8DB0-C8DEFCEB90C5} = {E599F5AA-F9A3-46CC-8DB0-C8DEFCEB90C5}
		{89AF16DD-32CC-4A7E-B219-5F117D761F9F} = {89AF16DD-32CC-4A7E-B219-5F117D761F9F}
		{F5F8F6DE-84CF-4E9D-91EA-D9B5E2AA36CD} = {F5F8F6DE-84CF-4E9D-91EA-D9B5E2AA36CD}
	EndProjectSection
EndProject
Project("{8BC9CEB8-8B4A-11D0-8D11-00A0C91BC942}") = "flac", "..\include\flac\flac.vcproj", "{E599F5AA-F9A3-46CC-8DB0-C8DEFCEB90C5}"
EndProject
Project("{8BC9CEB8-8B4A-11D0-8D11-00A0C91BC942}") = "lhasa", "..\include\lhasa\lhasa.vcproj", "{6B11F6A8-B131-4D2B-80EF-5731A9016436}"
EndProject
Project("{8BC9CEB8-8B4A-11D0-8D11-00A0C91BC942}") = "portaudio", "..\include\portaudio\portaudio.vcproj", "{189B867F-FF4B-45A1-B741-A97492EE69AF}"
EndProject
Project("{8BC9CEB8-8B4A-11D0-8D11-00A0C91BC942}") = "smbPitchShift", "..\include\smbPitchShift\smbPitchShift.vcproj", "{89AF16DD-32CC-4A7E-B219-5F117D761F9F}"
EndProject
Project("{8BC9CEB8-8B4A-11D0-8D11-00A0C91BC942}") = "soundtouch", "..\include\soundtouch\soundtouch.vcproj", "{F5F8F6DE-84CF-4E9D-91EA-D9B5E2AA36CD}"
EndProject
Project("{8BC9CEB8-8B4A-11D0-8D11-00A0C91BC942}") = "zlib", "..\include\zlib\zlib.vcproj", "{1654FB18-FDE6-406F-9D84-BA12BFBD67B2}"
EndProject
Project("{8BC9CEB8-8B4A-11D0-8D11-00A0C91BC942}") = "minizip", "..\include\zlib\minizip.vcproj", "{63AF9025-A6CE-4147-A05D-6E2CCFD3A0D7}"
EndProject
Global
	GlobalSection(SolutionConfigurationPlatforms) = preSolution
		Debug|Win32 = Debug|Win32
		Release|Win32 = Release|Win32
	EndGlobalSection
	GlobalSection(ProjectConfigurationPlatforms) = postSolution
		{21D95071-FB97-4E69-B3B1-050D0D4A5021}.Debug|Win32.ActiveCfg = Debug|Win32
		{21D95071-FB97-4E69-B3B1-050D0D4A5021}.Debug|Win32.Build.0 = Debug|Win32
		{21D95071-FB97-4E69-B3B1-050D0D4A5021}.Release|Win32.ActiveCfg = Release|Win32
		{21D95071-FB97-4E69-B3B1-050D0D4A5021}.Release|Win32.Build.0 = Release|Win32
		{E599F5AA-F9A3-46CC-8DB0-C8DEFCEB90C5}.Debug|Win32.ActiveCfg = DebugLib|Win32
		{E599F5AA-F9A3-46CC-8DB0-C8DEFCEB90C5}.Debug|Win32.Build.0 = DebugLib|Win32
		{E599F5AA-F9A3-46CC-8DB0-C8DEFCEB90C5}.Release|Win32.ActiveCfg = ReleaseLib|Win32
		{E599F5AA-F9A3-46CC-8DB0-C8DEFCEB90C5}.Release|Win32.Build.0 = ReleaseLib|Win32
		{6B11F6A8-B131-4D2B-80EF-5731A9016436}.Debug|Win32.ActiveCfg = DebugLib|Win32
		{6B11F6A8-B131-4D2B-80EF-5731A9016436}.Debug|Win32.Build.0 = DebugLib|Win32
		{6B11F6A8-B131-4D2B-80EF-5731A9016436}.Release|Win32.ActiveCfg = ReleaseLib|Win32
		{6B11F6A8-B131-4D2B-80EF-5731A9016436}.Release|Win32.Build.0 = ReleaseLib|Win32
		{189B867F-FF4B-45A1-B741-A97492EE69AF}.Debug|Win32.ActiveCfg = DebugLib|Win32
		{189B867F-FF4B-45A1-B741-A97492EE69AF}.Debug|Win32.Build.0 = DebugLib|Win32
		{189B867F-FF4B-45A1-B741-A97492EE69AF}.Release|Win32.ActiveCfg = ReleaseLib|Win32
		{189B867F-FF4B-45A1-B741-A97492EE69AF}.Release|Win32.Build.0 = ReleaseLib|Win32
		{89AF16DD-32CC-4A7E-B219-5F117D761F9F}.Debug|Win32.ActiveCfg = DebugLib|Win32
		{89AF16DD-32CC-4A7E-B219-5F117D761F9F}.Debug|Win32.Build.0 = DebugLib|Win32
		{89AF16DD-32CC-4A7E-B219-5F117D761F9F}.Release|Win32.ActiveCfg = ReleaseLib|Win32
		{89AF16DD-32CC-4A7E-B219-5F117D761F9F}.Release|Win32.Build.0 = ReleaseLib|Win32
		{F5F8F6DE-84CF-4E9D-91EA-D9B5E2AA36CD}.Debug|Win32.ActiveCfg = DebugDLL|Win32
		{F5F8F6DE-84CF-4E9D-91EA-D9B5E2AA36CD}.Debug|Win32.Build.0 = DebugDLL|Win32
		{F5F8F6DE-84CF-4E9D-91EA-D9B5E2AA36CD}.Release|Win32.ActiveCfg = ReleaseDLL|Win32
		{F5F8F6DE-84CF-4E9D-91EA-D9B5E2AA36CD}.Release|Win32.Build.0 = ReleaseDLL|Win32
		{1654FB18-FDE6-406F-9D84-BA12BFBD67B2}.Debug|Win32.ActiveCfg = DebugLib|Win32
		{1654FB18-FDE6-406F-9D84-BA12BFBD67B2}.Debug|Win32.Build.0 = DebugLib|Win32
		{1654FB18-FDE6-406F-9D84-BA12BFBD67B2}.Release|Win32.ActiveCfg = ReleaseLib|Win32
		{1654FB18-FDE6-406F-9D84-BA12BFBD67B2}.Release|Win32.Build.0 = ReleaseLib|Win32
		{63AF9025-A6CE-4147-A05D-6E2CCFD3A0D7}.Debug|Win32.ActiveCfg = DebugLib|Win32
		{63AF9025-A6CE-4147-A05D-6E2CCFD3A0D7}.Debug|Win32.Build.0 = DebugLib|Win32
		{63AF9025-A6CE-4147-A05D-6E2CCFD3A0D7}.Release|Win32.ActiveCfg = ReleaseLib|Win32
		{63AF9025-A6CE-4147-A05D-6E2CCFD3A0D7}.Release|Win32.Build.0 = ReleaseLib|Win32
	EndGlobalSection
	GlobalSection(SolutionProperties) = preSolution
		HideSolutionNode = FALSE
	EndGlobalSection
EndGlobal
