Microsoft Visual Studio Solution File, Format Version 10.00
# Visual Studio 2008
Project("{8BC9CEB8-8B4A-11D0-8D11-00A0C91BC942}") = "mptrack", "mptrack_08.vcproj", "{21D95071-FB97-4E69-B3B1-050D0D4A5021}"
	ProjectSection(ProjectDependencies) = postProject
		{DCC2BB2F-6778-4FD3-9C00-D6CD8DC917B8} = {DCC2BB2F-6778-4FD3-9C00-D6CD8DC917B8}
		{745DEC58-EBB3-47A9-A9B8-4C6627C01BF8} = {745DEC58-EBB3-47A9-A9B8-4C6627C01BF8}
		{0A18A071-125E-442F-AFF7-A3F68ABECF99} = {0A18A071-125E-442F-AFF7-A3F68ABECF99}
		{4CEFBC84-C215-11DB-8314-0800200C9A66} = {4CEFBC84-C215-11DB-8314-0800200C9A66}
		{CF3C2CA5-5D45-4635-BBA4-C1F435E10896} = {CF3C2CA5-5D45-4635-BBA4-C1F435E10896}
	EndProjectSection
EndProject
Project("{8BC9CEB8-8B4A-11D0-8D11-00A0C91BC942}") = "xsoundlib", "..\xsoundlib\xsoundlib_08.vcproj", "{DCC2BB2F-6778-4FD3-9C00-D6CD8DC917B8}"
EndProject
Project("{8BC9CEB8-8B4A-11D0-8D11-00A0C91BC942}") = "SoundTouch", "..\soundtouch\soundtouch_08.vcproj", "{CF3C2CA5-5D45-4635-BBA4-C1F435E10896}"
EndProject
Project("{8BC9CEB8-8B4A-11D0-8D11-00A0C91BC942}") = "zlibstat", "..\include\zlib\contrib\vstudio\vc9\zlibstat.vcproj", "{745DEC58-EBB3-47A9-A9B8-4C6627C01BF8}"
EndProject
Project("{8BC9CEB8-8B4A-11D0-8D11-00A0C91BC942}") = "libFLAC_static", "..\include\flac\src\libFLAC\libFLAC_static_08.vcproj", "{4CEFBC84-C215-11DB-8314-0800200C9A66}"
EndProject
Project("{8BC9CEB8-8B4A-11D0-8D11-00A0C91BC942}") = "portaudio", "..\include\portaudio\build\msvc\portaudio_openmpt_vs2008.vcproj", "{0A18A071-125E-442F-AFF7-A3F68ABECF99}"
EndProject
Global
	GlobalSection(SolutionConfigurationPlatforms) = preSolution
		Debug|Win32 = Debug|Win32
		Release|Win32 = Release|Win32
	EndGlobalSection
	GlobalSection(ProjectConfigurationPlatforms) = postSolution
		{21D95071-FB97-4E69-B3B1-050D0D4A5021}.Debug|Win32.ActiveCfg = Debug|Win32
		{21D95071-FB97-4E69-B3B1-050D0D4A5021}.Debug|Win32.Build.0 = Debug|Win32
		{21D95071-FB97-4E69-B3B1-050D0D4A5021}.Release|Win32.ActiveCfg = Release|Win32
		{21D95071-FB97-4E69-B3B1-050D0D4A5021}.Release|Win32.Build.0 = Release|Win32
		{DCC2BB2F-6778-4FD3-9C00-D6CD8DC917B8}.Debug|Win32.ActiveCfg = Debug|Win32
		{DCC2BB2F-6778-4FD3-9C00-D6CD8DC917B8}.Debug|Win32.Build.0 = Debug|Win32
		{DCC2BB2F-6778-4FD3-9C00-D6CD8DC917B8}.Release|Win32.ActiveCfg = Release|Win32
		{DCC2BB2F-6778-4FD3-9C00-D6CD8DC917B8}.Release|Win32.Build.0 = Release|Win32
		{CF3C2CA5-5D45-4635-BBA4-C1F435E10896}.Debug|Win32.ActiveCfg = Debug|Win32
		{CF3C2CA5-5D45-4635-BBA4-C1F435E10896}.Debug|Win32.Build.0 = Debug|Win32
		{CF3C2CA5-5D45-4635-BBA4-C1F435E10896}.Release|Win32.ActiveCfg = Release|Win32
		{CF3C2CA5-5D45-4635-BBA4-C1F435E10896}.Release|Win32.Build.0 = Release|Win32
		{745DEC58-EBB3-47A9-A9B8-4C6627C01BF8}.Debug|Win32.ActiveCfg = Debug|Win32
		{745DEC58-EBB3-47A9-A9B8-4C6627C01BF8}.Debug|Win32.Build.0 = Debug|Win32
		{745DEC58-EBB3-47A9-A9B8-4C6627C01BF8}.Release|Win32.ActiveCfg = Release|Win32
		{745DEC58-EBB3-47A9-A9B8-4C6627C01BF8}.Release|Win32.Build.0 = Release|Win32
		{4CEFBC84-C215-11DB-8314-0800200C9A66}.Debug|Win32.ActiveCfg = Debug|Win32
		{4CEFBC84-C215-11DB-8314-0800200C9A66}.Debug|Win32.Build.0 = Debug|Win32
		{4CEFBC84-C215-11DB-8314-0800200C9A66}.Release|Win32.ActiveCfg = Release|Win32
		{4CEFBC84-C215-11DB-8314-0800200C9A66}.Release|Win32.Build.0 = Release|Win32
		{0A18A071-125E-442F-AFF7-A3F68ABECF99}.Debug|Win32.ActiveCfg = Debug|Win32
		{0A18A071-125E-442F-AFF7-A3F68ABECF99}.Debug|Win32.Build.0 = Debug|Win32
		{0A18A071-125E-442F-AFF7-A3F68ABECF99}.Release|Win32.ActiveCfg = Release|Win32
		{0A18A071-125E-442F-AFF7-A3F68ABECF99}.Release|Win32.Build.0 = Release|Win32
	EndGlobalSection
	GlobalSection(SolutionProperties) = preSolution
		HideSolutionNode = FALSE
	EndGlobalSection
EndGlobal
