Microsoft Visual Studio Solution File, Format Version 8.00
Project("{8BC9CEB8-8B4A-11D0-8D11-00A0C91BC942}") = "mptrack", "mptrack.vcproj", "{DB18719C-9177-4632-A9E0-7E72E2E6B05E}"
	ProjectSection(ProjectDependencies) = postProject
		{1FF4AB04-B22F-4CB8-AA2A-0C5095B5FEE4} = {1FF4AB04-B22F-4CB8-AA2A-0C5095B5FEE4}
		{DCC2BB2F-6778-4FD3-9C00-D6CD8DC917B8} = {DCC2BB2F-6778-4FD3-9C00-D6CD8DC917B8}
		{71531076-78C7-488D-8FD6-9D841F20AADE} = {71531076-78C7-488D-8FD6-9D841F20AADE}
		{3C7281B0-D0E2-48ED-AE4D-A181FC77D8F7} = {3C7281B0-D0E2-48ED-AE4D-A181FC77D8F7}
	EndProjectSection
EndProject
Project("{8BC9CEB8-8B4A-11D0-8D11-00A0C91BC942}") = "unlha", "..\unlha\unlha.vcproj", "{71531076-78C7-488D-8FD6-9D841F20AADE}"
	ProjectSection(ProjectDependencies) = postProject
	EndProjectSection
EndProject
Project("{8BC9CEB8-8B4A-11D0-8D11-00A0C91BC942}") = "unrar", "..\UNRAR\UNRAR.vcproj", "{3C7281B0-D0E2-48ED-AE4D-A181FC77D8F7}"
	ProjectSection(ProjectDependencies) = postProject
	EndProjectSection
EndProject
Project("{8BC9CEB8-8B4A-11D0-8D11-00A0C91BC942}") = "unzip", "..\UNZIP\unzip.vcproj", "{1FF4AB04-B22F-4CB8-AA2A-0C5095B5FEE4}"
	ProjectSection(ProjectDependencies) = postProject
	EndProjectSection
EndProject
Project("{8BC9CEB8-8B4A-11D0-8D11-00A0C91BC942}") = "xsoundlib", "..\xsoundlib\xsoundlib.vcproj", "{DCC2BB2F-6778-4FD3-9C00-D6CD8DC917B8}"
	ProjectSection(ProjectDependencies) = postProject
	EndProjectSection
EndProject
Global
	GlobalSection(SolutionConfiguration) = preSolution
		Debug = Debug
		Release = Release
	EndGlobalSection
	GlobalSection(ProjectConfiguration) = postSolution
		{DB18719C-9177-4632-A9E0-7E72E2E6B05E}.Debug.ActiveCfg = Debug|Win32
		{DB18719C-9177-4632-A9E0-7E72E2E6B05E}.Debug.Build.0 = Debug|Win32
		{DB18719C-9177-4632-A9E0-7E72E2E6B05E}.Release.ActiveCfg = Release|Win32
		{DB18719C-9177-4632-A9E0-7E72E2E6B05E}.Release.Build.0 = Release|Win32
		{71531076-78C7-488D-8FD6-9D841F20AADE}.Debug.ActiveCfg = Debug|Win32
		{71531076-78C7-488D-8FD6-9D841F20AADE}.Debug.Build.0 = Debug|Win32
		{71531076-78C7-488D-8FD6-9D841F20AADE}.Release.ActiveCfg = Release|Win32
		{71531076-78C7-488D-8FD6-9D841F20AADE}.Release.Build.0 = Release|Win32
		{3C7281B0-D0E2-48ED-AE4D-A181FC77D8F7}.Debug.ActiveCfg = Debug|Win32
		{3C7281B0-D0E2-48ED-AE4D-A181FC77D8F7}.Debug.Build.0 = Debug|Win32
		{3C7281B0-D0E2-48ED-AE4D-A181FC77D8F7}.Release.ActiveCfg = Release|Win32
		{3C7281B0-D0E2-48ED-AE4D-A181FC77D8F7}.Release.Build.0 = Release|Win32
		{1FF4AB04-B22F-4CB8-AA2A-0C5095B5FEE4}.Debug.ActiveCfg = Debug|Win32
		{1FF4AB04-B22F-4CB8-AA2A-0C5095B5FEE4}.Debug.Build.0 = Debug|Win32
		{1FF4AB04-B22F-4CB8-AA2A-0C5095B5FEE4}.Release.ActiveCfg = Release|Win32
		{1FF4AB04-B22F-4CB8-AA2A-0C5095B5FEE4}.Release.Build.0 = Release|Win32
		{DCC2BB2F-6778-4FD3-9C00-D6CD8DC917B8}.Debug.ActiveCfg = Debug|Win32
		{DCC2BB2F-6778-4FD3-9C00-D6CD8DC917B8}.Debug.Build.0 = Debug|Win32
		{DCC2BB2F-6778-4FD3-9C00-D6CD8DC917B8}.Release.ActiveCfg = Release|Win32
		{DCC2BB2F-6778-4FD3-9C00-D6CD8DC917B8}.Release.Build.0 = Release|Win32
	EndGlobalSection
	GlobalSection(ExtensibilityGlobals) = postSolution
	EndGlobalSection
	GlobalSection(ExtensibilityAddIns) = postSolution
	EndGlobalSection
EndGlobal
