Microsoft Visual Studio Solution File, Format Version 11.00
# Visual Studio 2010
Project("{8BC9CEB8-8B4A-11D0-8D11-00A0C91BC942}") = "mptrack", "mptrack_10.vcxproj", "{21D95071-FB97-4E69-B3B1-050D0D4A5021}"
	ProjectSection(ProjectDependencies) = postProject
		{8D55AB6B-DAB3-4EFB-9169-7EAF995D5C10} = {8D55AB6B-DAB3-4EFB-9169-7EAF995D5C10}
	EndProjectSection
EndProject
Project("{8BC9CEB8-8B4A-11D0-8D11-00A0C91BC942}") = "flac", "..\build\vs2010-ext\flac.vcxproj", "{E599F5AA-F9A3-46CC-8DB0-C8DEFCEB90C5}"
EndProject
Project("{8BC9CEB8-8B4A-11D0-8D11-00A0C91BC942}") = "lhasa", "..\build\vs2010-ext\lhasa.vcxproj", "{6B11F6A8-B131-4D2B-80EF-5731A9016436}"
EndProject
Project("{8BC9CEB8-8B4A-11D0-8D11-00A0C91BC942}") = "portaudio", "..\build\vs2010-ext\portaudio.vcxproj", "{189B867F-FF4B-45A1-B741-A97492EE69AF}"
EndProject
Project("{8BC9CEB8-8B4A-11D0-8D11-00A0C91BC942}") = "smbPitchShift", "..\build\vs2010-ext\smbPitchShift.vcxproj", "{89AF16DD-32CC-4A7E-B219-5F117D761F9F}"
EndProject
Project("{8BC9CEB8-8B4A-11D0-8D11-00A0C91BC942}") = "soundtouch", "..\build\vs2010-ext\soundtouch.vcxproj", "{F5F8F6DE-84CF-4E9D-91EA-D9B5E2AA36CD}"
EndProject
Project("{8BC9CEB8-8B4A-11D0-8D11-00A0C91BC942}") = "zlib", "..\build\vs2010-ext\zlib.vcxproj", "{1654FB18-FDE6-406F-9D84-BA12BFBD67B2}"
EndProject
Project("{8BC9CEB8-8B4A-11D0-8D11-00A0C91BC942}") = "minizip", "..\build\vs2010-ext\minizip.vcxproj", "{63AF9025-A6CE-4147-A05D-6E2CCFD3A0D7}"
EndProject
Project("{8BC9CEB8-8B4A-11D0-8D11-00A0C91BC942}") = "MIDI Input Output", "..\plugins\MidiInOut\MidiInOut.vcxproj", "{59248302-52E0-4CC0-9BBE-E475BA4A9B41}"
EndProject
Project("{8BC9CEB8-8B4A-11D0-8D11-00A0C91BC942}") = "portmidi", "..\build\vs2010-ext\portmidi.vcxproj", "{2512E2CA-578A-4F10-9363-4BFC9A5EF960}"
EndProject
Project("{8BC9CEB8-8B4A-11D0-8D11-00A0C91BC942}") = "UnRAR", "..\build\vs2010-ext\UnRAR.vcxproj", "{95CC809B-03FC-4EDB-BB20-FD07A698C05F}"
EndProject
Project("{8BC9CEB8-8B4A-11D0-8D11-00A0C91BC942}") = "PluginBridge", "..\pluginBridge\PluginBridge.vcxproj", "{8D55AB6B-DAB3-4EFB-9169-7EAF995D5C10}"
EndProject
Project("{8BC9CEB8-8B4A-11D0-8D11-00A0C91BC942}") = "r8brain", "..\build\vs2010-ext\r8brain.vcxproj", "{BC116B29-9958-4389-B294-7529BB7C7D37}"
EndProject
Project("{8BC9CEB8-8B4A-11D0-8D11-00A0C91BC942}") = "ogg", "..\build\vs2010-ext\ogg.vcxproj", "{D8D5E11C-F959-49EF-B741-B3F6DE52DED8}"
EndProject
Project("{8BC9CEB8-8B4A-11D0-8D11-00A0C91BC942}") = "stb_vorbis", "..\build\vs2010-ext\stb_vorbis.vcxproj", "{E0D81662-85EF-4172-B0D8-F8DCFF712607}"
EndProject
Global
	GlobalSection(SolutionConfigurationPlatforms) = preSolution
		Debug|Win32 = Debug|Win32
		Debug|x64 = Debug|x64
		Release|Win32 = Release|Win32
		Release|x64 = Release|x64
		ReleaseNoLTCG|Win32 = ReleaseNoLTCG|Win32
		ReleaseNoLTCG|x64 = ReleaseNoLTCG|x64
		VSTi-Debug|Win32 = VSTi-Debug|Win32
		VSTi-Debug|x64 = VSTi-Debug|x64
		VSTi-Release|Win32 = VSTi-Release|Win32
		VSTi-Release|x64 = VSTi-Release|x64
	EndGlobalSection
	GlobalSection(ProjectConfigurationPlatforms) = postSolution
		{21D95071-FB97-4E69-B3B1-050D0D4A5021}.Debug|Win32.ActiveCfg = Debug|Win32
		{21D95071-FB97-4E69-B3B1-050D0D4A5021}.Debug|Win32.Build.0 = Debug|Win32
		{21D95071-FB97-4E69-B3B1-050D0D4A5021}.Debug|x64.ActiveCfg = Debug|x64
		{21D95071-FB97-4E69-B3B1-050D0D4A5021}.Debug|x64.Build.0 = Debug|x64
		{21D95071-FB97-4E69-B3B1-050D0D4A5021}.Release|Win32.ActiveCfg = Release|Win32
		{21D95071-FB97-4E69-B3B1-050D0D4A5021}.Release|Win32.Build.0 = Release|Win32
		{21D95071-FB97-4E69-B3B1-050D0D4A5021}.Release|x64.ActiveCfg = Release|x64
		{21D95071-FB97-4E69-B3B1-050D0D4A5021}.Release|x64.Build.0 = Release|x64
		{21D95071-FB97-4E69-B3B1-050D0D4A5021}.ReleaseNoLTCG|Win32.ActiveCfg = ReleaseNoLTCG|Win32
		{21D95071-FB97-4E69-B3B1-050D0D4A5021}.ReleaseNoLTCG|Win32.Build.0 = ReleaseNoLTCG|Win32
		{21D95071-FB97-4E69-B3B1-050D0D4A5021}.ReleaseNoLTCG|x64.ActiveCfg = ReleaseNoLTCG|x64
		{21D95071-FB97-4E69-B3B1-050D0D4A5021}.ReleaseNoLTCG|x64.Build.0 = ReleaseNoLTCG|x64
		{21D95071-FB97-4E69-B3B1-050D0D4A5021}.VSTi-Debug|Win32.ActiveCfg = VSTi-Debug|Win32
		{21D95071-FB97-4E69-B3B1-050D0D4A5021}.VSTi-Debug|Win32.Build.0 = VSTi-Debug|Win32
		{21D95071-FB97-4E69-B3B1-050D0D4A5021}.VSTi-Debug|x64.ActiveCfg = VSTi-Debug|x64
		{21D95071-FB97-4E69-B3B1-050D0D4A5021}.VSTi-Debug|x64.Build.0 = VSTi-Debug|x64
		{21D95071-FB97-4E69-B3B1-050D0D4A5021}.VSTi-Release|Win32.ActiveCfg = VSTi-Release|Win32
		{21D95071-FB97-4E69-B3B1-050D0D4A5021}.VSTi-Release|Win32.Build.0 = VSTi-Release|Win32
		{21D95071-FB97-4E69-B3B1-050D0D4A5021}.VSTi-Release|x64.ActiveCfg = VSTi-Release|x64
		{21D95071-FB97-4E69-B3B1-050D0D4A5021}.VSTi-Release|x64.Build.0 = VSTi-Release|x64
		{E599F5AA-F9A3-46CC-8DB0-C8DEFCEB90C5}.Debug|Win32.ActiveCfg = Debug|Win32
		{E599F5AA-F9A3-46CC-8DB0-C8DEFCEB90C5}.Debug|Win32.Build.0 = Debug|Win32
		{E599F5AA-F9A3-46CC-8DB0-C8DEFCEB90C5}.Debug|x64.ActiveCfg = Debug|x64
		{E599F5AA-F9A3-46CC-8DB0-C8DEFCEB90C5}.Debug|x64.Build.0 = Debug|x64
		{E599F5AA-F9A3-46CC-8DB0-C8DEFCEB90C5}.Release|Win32.ActiveCfg = ReleaseLTCG|Win32
		{E599F5AA-F9A3-46CC-8DB0-C8DEFCEB90C5}.Release|Win32.Build.0 = ReleaseLTCG|Win32
		{E599F5AA-F9A3-46CC-8DB0-C8DEFCEB90C5}.Release|x64.ActiveCfg = ReleaseLTCG|x64
		{E599F5AA-F9A3-46CC-8DB0-C8DEFCEB90C5}.Release|x64.Build.0 = ReleaseLTCG|x64
		{E599F5AA-F9A3-46CC-8DB0-C8DEFCEB90C5}.ReleaseNoLTCG|Win32.ActiveCfg = Release|Win32
		{E599F5AA-F9A3-46CC-8DB0-C8DEFCEB90C5}.ReleaseNoLTCG|Win32.Build.0 = Release|Win32
		{E599F5AA-F9A3-46CC-8DB0-C8DEFCEB90C5}.ReleaseNoLTCG|x64.ActiveCfg = Release|x64
		{E599F5AA-F9A3-46CC-8DB0-C8DEFCEB90C5}.ReleaseNoLTCG|x64.Build.0 = Release|x64
		{E599F5AA-F9A3-46CC-8DB0-C8DEFCEB90C5}.VSTi-Debug|Win32.ActiveCfg = Debug|Win32
		{E599F5AA-F9A3-46CC-8DB0-C8DEFCEB90C5}.VSTi-Debug|Win32.Build.0 = Debug|Win32
		{E599F5AA-F9A3-46CC-8DB0-C8DEFCEB90C5}.VSTi-Debug|x64.ActiveCfg = Debug|x64
		{E599F5AA-F9A3-46CC-8DB0-C8DEFCEB90C5}.VSTi-Debug|x64.Build.0 = Debug|x64
		{E599F5AA-F9A3-46CC-8DB0-C8DEFCEB90C5}.VSTi-Release|Win32.ActiveCfg = Release|Win32
		{E599F5AA-F9A3-46CC-8DB0-C8DEFCEB90C5}.VSTi-Release|Win32.Build.0 = Release|Win32
		{E599F5AA-F9A3-46CC-8DB0-C8DEFCEB90C5}.VSTi-Release|x64.ActiveCfg = Release|x64
		{E599F5AA-F9A3-46CC-8DB0-C8DEFCEB90C5}.VSTi-Release|x64.Build.0 = Release|x64
		{6B11F6A8-B131-4D2B-80EF-5731A9016436}.Debug|Win32.ActiveCfg = Debug|Win32
		{6B11F6A8-B131-4D2B-80EF-5731A9016436}.Debug|Win32.Build.0 = Debug|Win32
		{6B11F6A8-B131-4D2B-80EF-5731A9016436}.Debug|x64.ActiveCfg = Debug|x64
		{6B11F6A8-B131-4D2B-80EF-5731A9016436}.Debug|x64.Build.0 = Debug|x64
		{6B11F6A8-B131-4D2B-80EF-5731A9016436}.Release|Win32.ActiveCfg = ReleaseLTCG|Win32
		{6B11F6A8-B131-4D2B-80EF-5731A9016436}.Release|Win32.Build.0 = ReleaseLTCG|Win32
		{6B11F6A8-B131-4D2B-80EF-5731A9016436}.Release|x64.ActiveCfg = ReleaseLTCG|x64
		{6B11F6A8-B131-4D2B-80EF-5731A9016436}.Release|x64.Build.0 = ReleaseLTCG|x64
		{6B11F6A8-B131-4D2B-80EF-5731A9016436}.ReleaseNoLTCG|Win32.ActiveCfg = Release|Win32
		{6B11F6A8-B131-4D2B-80EF-5731A9016436}.ReleaseNoLTCG|Win32.Build.0 = Release|Win32
		{6B11F6A8-B131-4D2B-80EF-5731A9016436}.ReleaseNoLTCG|x64.ActiveCfg = Release|x64
		{6B11F6A8-B131-4D2B-80EF-5731A9016436}.ReleaseNoLTCG|x64.Build.0 = Release|x64
		{6B11F6A8-B131-4D2B-80EF-5731A9016436}.VSTi-Debug|Win32.ActiveCfg = Debug|Win32
		{6B11F6A8-B131-4D2B-80EF-5731A9016436}.VSTi-Debug|Win32.Build.0 = Debug|Win32
		{6B11F6A8-B131-4D2B-80EF-5731A9016436}.VSTi-Debug|x64.ActiveCfg = Debug|x64
		{6B11F6A8-B131-4D2B-80EF-5731A9016436}.VSTi-Debug|x64.Build.0 = Debug|x64
		{6B11F6A8-B131-4D2B-80EF-5731A9016436}.VSTi-Release|Win32.ActiveCfg = Release|Win32
		{6B11F6A8-B131-4D2B-80EF-5731A9016436}.VSTi-Release|Win32.Build.0 = Release|Win32
		{6B11F6A8-B131-4D2B-80EF-5731A9016436}.VSTi-Release|x64.ActiveCfg = Release|x64
		{6B11F6A8-B131-4D2B-80EF-5731A9016436}.VSTi-Release|x64.Build.0 = Release|x64
		{189B867F-FF4B-45A1-B741-A97492EE69AF}.Debug|Win32.ActiveCfg = Debug|Win32
		{189B867F-FF4B-45A1-B741-A97492EE69AF}.Debug|Win32.Build.0 = Debug|Win32
		{189B867F-FF4B-45A1-B741-A97492EE69AF}.Debug|x64.ActiveCfg = Debug|x64
		{189B867F-FF4B-45A1-B741-A97492EE69AF}.Debug|x64.Build.0 = Debug|x64
		{189B867F-FF4B-45A1-B741-A97492EE69AF}.Release|Win32.ActiveCfg = Release|Win32
		{189B867F-FF4B-45A1-B741-A97492EE69AF}.Release|Win32.Build.0 = Release|Win32
		{189B867F-FF4B-45A1-B741-A97492EE69AF}.Release|x64.ActiveCfg = Release|x64
		{189B867F-FF4B-45A1-B741-A97492EE69AF}.Release|x64.Build.0 = Release|x64
		{189B867F-FF4B-45A1-B741-A97492EE69AF}.ReleaseNoLTCG|Win32.ActiveCfg = Release|Win32
		{189B867F-FF4B-45A1-B741-A97492EE69AF}.ReleaseNoLTCG|Win32.Build.0 = Release|Win32
		{189B867F-FF4B-45A1-B741-A97492EE69AF}.ReleaseNoLTCG|x64.ActiveCfg = Release|x64
		{189B867F-FF4B-45A1-B741-A97492EE69AF}.ReleaseNoLTCG|x64.Build.0 = Release|x64
		{189B867F-FF4B-45A1-B741-A97492EE69AF}.VSTi-Debug|Win32.ActiveCfg = Debug|Win32
		{189B867F-FF4B-45A1-B741-A97492EE69AF}.VSTi-Debug|Win32.Build.0 = Debug|Win32
		{189B867F-FF4B-45A1-B741-A97492EE69AF}.VSTi-Debug|x64.ActiveCfg = Debug|x64
		{189B867F-FF4B-45A1-B741-A97492EE69AF}.VSTi-Debug|x64.Build.0 = Debug|x64
		{189B867F-FF4B-45A1-B741-A97492EE69AF}.VSTi-Release|Win32.ActiveCfg = Release|Win32
		{189B867F-FF4B-45A1-B741-A97492EE69AF}.VSTi-Release|Win32.Build.0 = Release|Win32
		{189B867F-FF4B-45A1-B741-A97492EE69AF}.VSTi-Release|x64.ActiveCfg = Release|x64
		{189B867F-FF4B-45A1-B741-A97492EE69AF}.VSTi-Release|x64.Build.0 = Release|x64
		{89AF16DD-32CC-4A7E-B219-5F117D761F9F}.Debug|Win32.ActiveCfg = Debug|Win32
		{89AF16DD-32CC-4A7E-B219-5F117D761F9F}.Debug|Win32.Build.0 = Debug|Win32
		{89AF16DD-32CC-4A7E-B219-5F117D761F9F}.Debug|x64.ActiveCfg = Debug|x64
		{89AF16DD-32CC-4A7E-B219-5F117D761F9F}.Debug|x64.Build.0 = Debug|x64
		{89AF16DD-32CC-4A7E-B219-5F117D761F9F}.Release|Win32.ActiveCfg = ReleaseLTCG|Win32
		{89AF16DD-32CC-4A7E-B219-5F117D761F9F}.Release|Win32.Build.0 = ReleaseLTCG|Win32
		{89AF16DD-32CC-4A7E-B219-5F117D761F9F}.Release|x64.ActiveCfg = ReleaseLTCG|x64
		{89AF16DD-32CC-4A7E-B219-5F117D761F9F}.Release|x64.Build.0 = ReleaseLTCG|x64
		{89AF16DD-32CC-4A7E-B219-5F117D761F9F}.ReleaseNoLTCG|Win32.ActiveCfg = Release|Win32
		{89AF16DD-32CC-4A7E-B219-5F117D761F9F}.ReleaseNoLTCG|Win32.Build.0 = Release|Win32
		{89AF16DD-32CC-4A7E-B219-5F117D761F9F}.ReleaseNoLTCG|x64.ActiveCfg = Release|x64
		{89AF16DD-32CC-4A7E-B219-5F117D761F9F}.ReleaseNoLTCG|x64.Build.0 = Release|x64
		{89AF16DD-32CC-4A7E-B219-5F117D761F9F}.VSTi-Debug|Win32.ActiveCfg = Debug|Win32
		{89AF16DD-32CC-4A7E-B219-5F117D761F9F}.VSTi-Debug|Win32.Build.0 = Debug|Win32
		{89AF16DD-32CC-4A7E-B219-5F117D761F9F}.VSTi-Debug|x64.ActiveCfg = Debug|x64
		{89AF16DD-32CC-4A7E-B219-5F117D761F9F}.VSTi-Debug|x64.Build.0 = Debug|x64
		{89AF16DD-32CC-4A7E-B219-5F117D761F9F}.VSTi-Release|Win32.ActiveCfg = Release|Win32
		{89AF16DD-32CC-4A7E-B219-5F117D761F9F}.VSTi-Release|Win32.Build.0 = Release|Win32
		{89AF16DD-32CC-4A7E-B219-5F117D761F9F}.VSTi-Release|x64.ActiveCfg = Release|x64
		{89AF16DD-32CC-4A7E-B219-5F117D761F9F}.VSTi-Release|x64.Build.0 = Release|x64
		{F5F8F6DE-84CF-4E9D-91EA-D9B5E2AA36CD}.Debug|Win32.ActiveCfg = Debug|Win32
		{F5F8F6DE-84CF-4E9D-91EA-D9B5E2AA36CD}.Debug|Win32.Build.0 = Debug|Win32
		{F5F8F6DE-84CF-4E9D-91EA-D9B5E2AA36CD}.Debug|x64.ActiveCfg = Debug|x64
		{F5F8F6DE-84CF-4E9D-91EA-D9B5E2AA36CD}.Debug|x64.Build.0 = Debug|x64
		{F5F8F6DE-84CF-4E9D-91EA-D9B5E2AA36CD}.Release|Win32.ActiveCfg = ReleaseLTCG|Win32
		{F5F8F6DE-84CF-4E9D-91EA-D9B5E2AA36CD}.Release|Win32.Build.0 = ReleaseLTCG|Win32
		{F5F8F6DE-84CF-4E9D-91EA-D9B5E2AA36CD}.Release|x64.ActiveCfg = ReleaseLTCG|x64
		{F5F8F6DE-84CF-4E9D-91EA-D9B5E2AA36CD}.Release|x64.Build.0 = ReleaseLTCG|x64
		{F5F8F6DE-84CF-4E9D-91EA-D9B5E2AA36CD}.ReleaseNoLTCG|Win32.ActiveCfg = Release|Win32
		{F5F8F6DE-84CF-4E9D-91EA-D9B5E2AA36CD}.ReleaseNoLTCG|Win32.Build.0 = Release|Win32
		{F5F8F6DE-84CF-4E9D-91EA-D9B5E2AA36CD}.ReleaseNoLTCG|x64.ActiveCfg = Release|x64
		{F5F8F6DE-84CF-4E9D-91EA-D9B5E2AA36CD}.ReleaseNoLTCG|x64.Build.0 = Release|x64
		{F5F8F6DE-84CF-4E9D-91EA-D9B5E2AA36CD}.VSTi-Debug|Win32.ActiveCfg = Debug|Win32
		{F5F8F6DE-84CF-4E9D-91EA-D9B5E2AA36CD}.VSTi-Debug|Win32.Build.0 = Debug|Win32
		{F5F8F6DE-84CF-4E9D-91EA-D9B5E2AA36CD}.VSTi-Debug|x64.ActiveCfg = Debug|x64
		{F5F8F6DE-84CF-4E9D-91EA-D9B5E2AA36CD}.VSTi-Debug|x64.Build.0 = Debug|x64
		{F5F8F6DE-84CF-4E9D-91EA-D9B5E2AA36CD}.VSTi-Release|Win32.ActiveCfg = Release|Win32
		{F5F8F6DE-84CF-4E9D-91EA-D9B5E2AA36CD}.VSTi-Release|Win32.Build.0 = Release|Win32
		{F5F8F6DE-84CF-4E9D-91EA-D9B5E2AA36CD}.VSTi-Release|x64.ActiveCfg = Release|x64
		{F5F8F6DE-84CF-4E9D-91EA-D9B5E2AA36CD}.VSTi-Release|x64.Build.0 = Release|x64
		{1654FB18-FDE6-406F-9D84-BA12BFBD67B2}.Debug|Win32.ActiveCfg = Debug|Win32
		{1654FB18-FDE6-406F-9D84-BA12BFBD67B2}.Debug|Win32.Build.0 = Debug|Win32
		{1654FB18-FDE6-406F-9D84-BA12BFBD67B2}.Debug|x64.ActiveCfg = Debug|x64
		{1654FB18-FDE6-406F-9D84-BA12BFBD67B2}.Debug|x64.Build.0 = Debug|x64
		{1654FB18-FDE6-406F-9D84-BA12BFBD67B2}.Release|Win32.ActiveCfg = ReleaseLTCG|Win32
		{1654FB18-FDE6-406F-9D84-BA12BFBD67B2}.Release|Win32.Build.0 = ReleaseLTCG|Win32
		{1654FB18-FDE6-406F-9D84-BA12BFBD67B2}.Release|x64.ActiveCfg = ReleaseLTCG|x64
		{1654FB18-FDE6-406F-9D84-BA12BFBD67B2}.Release|x64.Build.0 = ReleaseLTCG|x64
		{1654FB18-FDE6-406F-9D84-BA12BFBD67B2}.ReleaseNoLTCG|Win32.ActiveCfg = Release|Win32
		{1654FB18-FDE6-406F-9D84-BA12BFBD67B2}.ReleaseNoLTCG|Win32.Build.0 = Release|Win32
		{1654FB18-FDE6-406F-9D84-BA12BFBD67B2}.ReleaseNoLTCG|x64.ActiveCfg = Release|x64
		{1654FB18-FDE6-406F-9D84-BA12BFBD67B2}.ReleaseNoLTCG|x64.Build.0 = Release|x64
		{1654FB18-FDE6-406F-9D84-BA12BFBD67B2}.VSTi-Debug|Win32.ActiveCfg = Debug|Win32
		{1654FB18-FDE6-406F-9D84-BA12BFBD67B2}.VSTi-Debug|Win32.Build.0 = Debug|Win32
		{1654FB18-FDE6-406F-9D84-BA12BFBD67B2}.VSTi-Debug|x64.ActiveCfg = Debug|x64
		{1654FB18-FDE6-406F-9D84-BA12BFBD67B2}.VSTi-Debug|x64.Build.0 = Debug|x64
		{1654FB18-FDE6-406F-9D84-BA12BFBD67B2}.VSTi-Release|Win32.ActiveCfg = Release|Win32
		{1654FB18-FDE6-406F-9D84-BA12BFBD67B2}.VSTi-Release|Win32.Build.0 = Release|Win32
		{1654FB18-FDE6-406F-9D84-BA12BFBD67B2}.VSTi-Release|x64.ActiveCfg = Release|x64
		{1654FB18-FDE6-406F-9D84-BA12BFBD67B2}.VSTi-Release|x64.Build.0 = Release|x64
		{63AF9025-A6CE-4147-A05D-6E2CCFD3A0D7}.Debug|Win32.ActiveCfg = Debug|Win32
		{63AF9025-A6CE-4147-A05D-6E2CCFD3A0D7}.Debug|Win32.Build.0 = Debug|Win32
		{63AF9025-A6CE-4147-A05D-6E2CCFD3A0D7}.Debug|x64.ActiveCfg = Debug|x64
		{63AF9025-A6CE-4147-A05D-6E2CCFD3A0D7}.Debug|x64.Build.0 = Debug|x64
		{63AF9025-A6CE-4147-A05D-6E2CCFD3A0D7}.Release|Win32.ActiveCfg = ReleaseLTCG|Win32
		{63AF9025-A6CE-4147-A05D-6E2CCFD3A0D7}.Release|Win32.Build.0 = ReleaseLTCG|Win32
		{63AF9025-A6CE-4147-A05D-6E2CCFD3A0D7}.Release|x64.ActiveCfg = ReleaseLTCG|x64
		{63AF9025-A6CE-4147-A05D-6E2CCFD3A0D7}.Release|x64.Build.0 = ReleaseLTCG|x64
		{63AF9025-A6CE-4147-A05D-6E2CCFD3A0D7}.ReleaseNoLTCG|Win32.ActiveCfg = Release|Win32
		{63AF9025-A6CE-4147-A05D-6E2CCFD3A0D7}.ReleaseNoLTCG|Win32.Build.0 = Release|Win32
		{63AF9025-A6CE-4147-A05D-6E2CCFD3A0D7}.ReleaseNoLTCG|x64.ActiveCfg = Release|x64
		{63AF9025-A6CE-4147-A05D-6E2CCFD3A0D7}.ReleaseNoLTCG|x64.Build.0 = Release|x64
		{63AF9025-A6CE-4147-A05D-6E2CCFD3A0D7}.VSTi-Debug|Win32.ActiveCfg = Debug|Win32
		{63AF9025-A6CE-4147-A05D-6E2CCFD3A0D7}.VSTi-Debug|Win32.Build.0 = Debug|Win32
		{63AF9025-A6CE-4147-A05D-6E2CCFD3A0D7}.VSTi-Debug|x64.ActiveCfg = Debug|x64
		{63AF9025-A6CE-4147-A05D-6E2CCFD3A0D7}.VSTi-Debug|x64.Build.0 = Debug|x64
		{63AF9025-A6CE-4147-A05D-6E2CCFD3A0D7}.VSTi-Release|Win32.ActiveCfg = Release|Win32
		{63AF9025-A6CE-4147-A05D-6E2CCFD3A0D7}.VSTi-Release|Win32.Build.0 = Release|Win32
		{63AF9025-A6CE-4147-A05D-6E2CCFD3A0D7}.VSTi-Release|x64.ActiveCfg = Release|x64
		{63AF9025-A6CE-4147-A05D-6E2CCFD3A0D7}.VSTi-Release|x64.Build.0 = Release|x64
		{59248302-52E0-4CC0-9BBE-E475BA4A9B41}.Debug|Win32.ActiveCfg = Debug|Win32
		{59248302-52E0-4CC0-9BBE-E475BA4A9B41}.Debug|Win32.Build.0 = Debug|Win32
		{59248302-52E0-4CC0-9BBE-E475BA4A9B41}.Debug|x64.ActiveCfg = Debug|x64
		{59248302-52E0-4CC0-9BBE-E475BA4A9B41}.Debug|x64.Build.0 = Debug|x64
		{59248302-52E0-4CC0-9BBE-E475BA4A9B41}.Release|Win32.ActiveCfg = Release|Win32
		{59248302-52E0-4CC0-9BBE-E475BA4A9B41}.Release|Win32.Build.0 = Release|Win32
		{59248302-52E0-4CC0-9BBE-E475BA4A9B41}.Release|x64.ActiveCfg = Release|x64
		{59248302-52E0-4CC0-9BBE-E475BA4A9B41}.Release|x64.Build.0 = Release|x64
		{59248302-52E0-4CC0-9BBE-E475BA4A9B41}.ReleaseNoLTCG|Win32.ActiveCfg = Release|Win32
		{59248302-52E0-4CC0-9BBE-E475BA4A9B41}.ReleaseNoLTCG|Win32.Build.0 = Release|Win32
		{59248302-52E0-4CC0-9BBE-E475BA4A9B41}.ReleaseNoLTCG|x64.ActiveCfg = Release|x64
		{59248302-52E0-4CC0-9BBE-E475BA4A9B41}.ReleaseNoLTCG|x64.Build.0 = Release|x64
		{59248302-52E0-4CC0-9BBE-E475BA4A9B41}.VSTi-Debug|Win32.ActiveCfg = Debug|Win32
		{59248302-52E0-4CC0-9BBE-E475BA4A9B41}.VSTi-Debug|Win32.Build.0 = Debug|Win32
		{59248302-52E0-4CC0-9BBE-E475BA4A9B41}.VSTi-Debug|x64.ActiveCfg = Debug|x64
		{59248302-52E0-4CC0-9BBE-E475BA4A9B41}.VSTi-Debug|x64.Build.0 = Debug|x64
		{59248302-52E0-4CC0-9BBE-E475BA4A9B41}.VSTi-Release|Win32.ActiveCfg = Release|Win32
		{59248302-52E0-4CC0-9BBE-E475BA4A9B41}.VSTi-Release|Win32.Build.0 = Release|Win32
		{59248302-52E0-4CC0-9BBE-E475BA4A9B41}.VSTi-Release|x64.ActiveCfg = Release|x64
		{59248302-52E0-4CC0-9BBE-E475BA4A9B41}.VSTi-Release|x64.Build.0 = Release|x64
		{2512E2CA-578A-4F10-9363-4BFC9A5EF960}.Debug|Win32.ActiveCfg = Debug|Win32
		{2512E2CA-578A-4F10-9363-4BFC9A5EF960}.Debug|Win32.Build.0 = Debug|Win32
		{2512E2CA-578A-4F10-9363-4BFC9A5EF960}.Debug|x64.ActiveCfg = Debug|x64
		{2512E2CA-578A-4F10-9363-4BFC9A5EF960}.Debug|x64.Build.0 = Debug|x64
		{2512E2CA-578A-4F10-9363-4BFC9A5EF960}.Release|Win32.ActiveCfg = ReleaseLTCG|Win32
		{2512E2CA-578A-4F10-9363-4BFC9A5EF960}.Release|Win32.Build.0 = ReleaseLTCG|Win32
		{2512E2CA-578A-4F10-9363-4BFC9A5EF960}.Release|x64.ActiveCfg = ReleaseLTCG|x64
		{2512E2CA-578A-4F10-9363-4BFC9A5EF960}.Release|x64.Build.0 = ReleaseLTCG|x64
		{2512E2CA-578A-4F10-9363-4BFC9A5EF960}.ReleaseNoLTCG|Win32.ActiveCfg = Release|Win32
		{2512E2CA-578A-4F10-9363-4BFC9A5EF960}.ReleaseNoLTCG|Win32.Build.0 = Release|Win32
		{2512E2CA-578A-4F10-9363-4BFC9A5EF960}.ReleaseNoLTCG|x64.ActiveCfg = Release|x64
		{2512E2CA-578A-4F10-9363-4BFC9A5EF960}.ReleaseNoLTCG|x64.Build.0 = Release|x64
		{2512E2CA-578A-4F10-9363-4BFC9A5EF960}.VSTi-Debug|Win32.ActiveCfg = Debug|Win32
		{2512E2CA-578A-4F10-9363-4BFC9A5EF960}.VSTi-Debug|Win32.Build.0 = Debug|Win32
		{2512E2CA-578A-4F10-9363-4BFC9A5EF960}.VSTi-Debug|x64.ActiveCfg = Debug|x64
		{2512E2CA-578A-4F10-9363-4BFC9A5EF960}.VSTi-Debug|x64.Build.0 = Debug|x64
		{2512E2CA-578A-4F10-9363-4BFC9A5EF960}.VSTi-Release|Win32.ActiveCfg = Release|Win32
		{2512E2CA-578A-4F10-9363-4BFC9A5EF960}.VSTi-Release|Win32.Build.0 = Release|Win32
		{2512E2CA-578A-4F10-9363-4BFC9A5EF960}.VSTi-Release|x64.ActiveCfg = Release|x64
		{2512E2CA-578A-4F10-9363-4BFC9A5EF960}.VSTi-Release|x64.Build.0 = Release|x64
		{95CC809B-03FC-4EDB-BB20-FD07A698C05F}.Debug|Win32.ActiveCfg = Debug|Win32
		{95CC809B-03FC-4EDB-BB20-FD07A698C05F}.Debug|Win32.Build.0 = Debug|Win32
		{95CC809B-03FC-4EDB-BB20-FD07A698C05F}.Debug|x64.ActiveCfg = Debug|x64
		{95CC809B-03FC-4EDB-BB20-FD07A698C05F}.Debug|x64.Build.0 = Debug|x64
		{95CC809B-03FC-4EDB-BB20-FD07A698C05F}.Release|Win32.ActiveCfg = ReleaseLTCG|Win32
		{95CC809B-03FC-4EDB-BB20-FD07A698C05F}.Release|Win32.Build.0 = ReleaseLTCG|Win32
		{95CC809B-03FC-4EDB-BB20-FD07A698C05F}.Release|x64.ActiveCfg = ReleaseLTCG|x64
		{95CC809B-03FC-4EDB-BB20-FD07A698C05F}.Release|x64.Build.0 = ReleaseLTCG|x64
		{95CC809B-03FC-4EDB-BB20-FD07A698C05F}.ReleaseNoLTCG|Win32.ActiveCfg = Release|Win32
		{95CC809B-03FC-4EDB-BB20-FD07A698C05F}.ReleaseNoLTCG|Win32.Build.0 = Release|Win32
		{95CC809B-03FC-4EDB-BB20-FD07A698C05F}.ReleaseNoLTCG|x64.ActiveCfg = Release|x64
		{95CC809B-03FC-4EDB-BB20-FD07A698C05F}.ReleaseNoLTCG|x64.Build.0 = Release|x64
		{95CC809B-03FC-4EDB-BB20-FD07A698C05F}.VSTi-Debug|Win32.ActiveCfg = Debug|Win32
		{95CC809B-03FC-4EDB-BB20-FD07A698C05F}.VSTi-Debug|Win32.Build.0 = Debug|Win32
		{95CC809B-03FC-4EDB-BB20-FD07A698C05F}.VSTi-Debug|x64.ActiveCfg = Debug|x64
		{95CC809B-03FC-4EDB-BB20-FD07A698C05F}.VSTi-Debug|x64.Build.0 = Debug|x64
		{95CC809B-03FC-4EDB-BB20-FD07A698C05F}.VSTi-Release|Win32.ActiveCfg = Release|Win32
		{95CC809B-03FC-4EDB-BB20-FD07A698C05F}.VSTi-Release|Win32.Build.0 = Release|Win32
		{95CC809B-03FC-4EDB-BB20-FD07A698C05F}.VSTi-Release|x64.ActiveCfg = Release|x64
		{95CC809B-03FC-4EDB-BB20-FD07A698C05F}.VSTi-Release|x64.Build.0 = Release|x64
		{8D55AB6B-DAB3-4EFB-9169-7EAF995D5C10}.Debug|Win32.ActiveCfg = Debug|Win32
		{8D55AB6B-DAB3-4EFB-9169-7EAF995D5C10}.Debug|Win32.Build.0 = Debug|Win32
		{8D55AB6B-DAB3-4EFB-9169-7EAF995D5C10}.Debug|x64.ActiveCfg = Debug|x64
		{8D55AB6B-DAB3-4EFB-9169-7EAF995D5C10}.Debug|x64.Build.0 = Debug|x64
		{8D55AB6B-DAB3-4EFB-9169-7EAF995D5C10}.Release|Win32.ActiveCfg = Release|Win32
		{8D55AB6B-DAB3-4EFB-9169-7EAF995D5C10}.Release|Win32.Build.0 = Release|Win32
		{8D55AB6B-DAB3-4EFB-9169-7EAF995D5C10}.Release|x64.ActiveCfg = Release|x64
		{8D55AB6B-DAB3-4EFB-9169-7EAF995D5C10}.Release|x64.Build.0 = Release|x64
		{8D55AB6B-DAB3-4EFB-9169-7EAF995D5C10}.ReleaseNoLTCG|Win32.ActiveCfg = Release|Win32
		{8D55AB6B-DAB3-4EFB-9169-7EAF995D5C10}.ReleaseNoLTCG|Win32.Build.0 = Release|Win32
		{8D55AB6B-DAB3-4EFB-9169-7EAF995D5C10}.ReleaseNoLTCG|x64.ActiveCfg = Release|x64
		{8D55AB6B-DAB3-4EFB-9169-7EAF995D5C10}.ReleaseNoLTCG|x64.Build.0 = Release|x64
		{8D55AB6B-DAB3-4EFB-9169-7EAF995D5C10}.VSTi-Debug|Win32.ActiveCfg = Debug|Win32
		{8D55AB6B-DAB3-4EFB-9169-7EAF995D5C10}.VSTi-Debug|Win32.Build.0 = Debug|Win32
		{8D55AB6B-DAB3-4EFB-9169-7EAF995D5C10}.VSTi-Debug|x64.ActiveCfg = Debug|x64
		{8D55AB6B-DAB3-4EFB-9169-7EAF995D5C10}.VSTi-Debug|x64.Build.0 = Debug|x64
		{8D55AB6B-DAB3-4EFB-9169-7EAF995D5C10}.VSTi-Release|Win32.ActiveCfg = Release|Win32
		{8D55AB6B-DAB3-4EFB-9169-7EAF995D5C10}.VSTi-Release|Win32.Build.0 = Release|Win32
		{8D55AB6B-DAB3-4EFB-9169-7EAF995D5C10}.VSTi-Release|x64.ActiveCfg = Release|x64
		{8D55AB6B-DAB3-4EFB-9169-7EAF995D5C10}.VSTi-Release|x64.Build.0 = Release|x64
		{BC116B29-9958-4389-B294-7529BB7C7D37}.Debug|Win32.ActiveCfg = Debug|Win32
		{BC116B29-9958-4389-B294-7529BB7C7D37}.Debug|Win32.Build.0 = Debug|Win32
		{BC116B29-9958-4389-B294-7529BB7C7D37}.Debug|x64.ActiveCfg = Debug|x64
		{BC116B29-9958-4389-B294-7529BB7C7D37}.Debug|x64.Build.0 = Debug|x64
		{BC116B29-9958-4389-B294-7529BB7C7D37}.Release|Win32.ActiveCfg = ReleaseLTCG|Win32
		{BC116B29-9958-4389-B294-7529BB7C7D37}.Release|Win32.Build.0 = ReleaseLTCG|Win32
		{BC116B29-9958-4389-B294-7529BB7C7D37}.Release|x64.ActiveCfg = ReleaseLTCG|x64
		{BC116B29-9958-4389-B294-7529BB7C7D37}.Release|x64.Build.0 = ReleaseLTCG|x64
		{BC116B29-9958-4389-B294-7529BB7C7D37}.ReleaseNoLTCG|Win32.ActiveCfg = Release|Win32
		{BC116B29-9958-4389-B294-7529BB7C7D37}.ReleaseNoLTCG|Win32.Build.0 = Release|Win32
		{BC116B29-9958-4389-B294-7529BB7C7D37}.ReleaseNoLTCG|x64.ActiveCfg = Release|x64
		{BC116B29-9958-4389-B294-7529BB7C7D37}.ReleaseNoLTCG|x64.Build.0 = Release|x64
		{BC116B29-9958-4389-B294-7529BB7C7D37}.VSTi-Debug|Win32.ActiveCfg = Debug|Win32
		{BC116B29-9958-4389-B294-7529BB7C7D37}.VSTi-Debug|Win32.Build.0 = Debug|Win32
		{BC116B29-9958-4389-B294-7529BB7C7D37}.VSTi-Debug|x64.ActiveCfg = Debug|x64
		{BC116B29-9958-4389-B294-7529BB7C7D37}.VSTi-Debug|x64.Build.0 = Debug|x64
		{BC116B29-9958-4389-B294-7529BB7C7D37}.VSTi-Release|Win32.ActiveCfg = Release|Win32
		{BC116B29-9958-4389-B294-7529BB7C7D37}.VSTi-Release|Win32.Build.0 = Release|Win32
		{BC116B29-9958-4389-B294-7529BB7C7D37}.VSTi-Release|x64.ActiveCfg = Release|x64
		{BC116B29-9958-4389-B294-7529BB7C7D37}.VSTi-Release|x64.Build.0 = Release|x64
		{D8D5E11C-F959-49EF-B741-B3F6DE52DED8}.Debug|Win32.ActiveCfg = Debug|Win32
		{D8D5E11C-F959-49EF-B741-B3F6DE52DED8}.Debug|Win32.Build.0 = Debug|Win32
		{D8D5E11C-F959-49EF-B741-B3F6DE52DED8}.Debug|x64.ActiveCfg = Debug|x64
		{D8D5E11C-F959-49EF-B741-B3F6DE52DED8}.Debug|x64.Build.0 = Debug|x64
		{D8D5E11C-F959-49EF-B741-B3F6DE52DED8}.Release|Win32.ActiveCfg = ReleaseLTCG|Win32
		{D8D5E11C-F959-49EF-B741-B3F6DE52DED8}.Release|Win32.Build.0 = ReleaseLTCG|Win32
		{D8D5E11C-F959-49EF-B741-B3F6DE52DED8}.Release|x64.ActiveCfg = ReleaseLTCG|x64
		{D8D5E11C-F959-49EF-B741-B3F6DE52DED8}.Release|x64.Build.0 = ReleaseLTCG|x64
		{D8D5E11C-F959-49EF-B741-B3F6DE52DED8}.ReleaseNoLTCG|Win32.ActiveCfg = Release|Win32
		{D8D5E11C-F959-49EF-B741-B3F6DE52DED8}.ReleaseNoLTCG|Win32.Build.0 = Release|Win32
		{D8D5E11C-F959-49EF-B741-B3F6DE52DED8}.ReleaseNoLTCG|x64.ActiveCfg = Release|x64
		{D8D5E11C-F959-49EF-B741-B3F6DE52DED8}.ReleaseNoLTCG|x64.Build.0 = Release|x64
		{D8D5E11C-F959-49EF-B741-B3F6DE52DED8}.VSTi-Debug|Win32.ActiveCfg = Debug|Win32
		{D8D5E11C-F959-49EF-B741-B3F6DE52DED8}.VSTi-Debug|Win32.Build.0 = Debug|Win32
		{D8D5E11C-F959-49EF-B741-B3F6DE52DED8}.VSTi-Debug|x64.ActiveCfg = Debug|x64
		{D8D5E11C-F959-49EF-B741-B3F6DE52DED8}.VSTi-Debug|x64.Build.0 = Debug|x64
		{D8D5E11C-F959-49EF-B741-B3F6DE52DED8}.VSTi-Release|Win32.ActiveCfg = Release|Win32
		{D8D5E11C-F959-49EF-B741-B3F6DE52DED8}.VSTi-Release|Win32.Build.0 = Release|Win32
		{D8D5E11C-F959-49EF-B741-B3F6DE52DED8}.VSTi-Release|x64.ActiveCfg = Release|x64
		{D8D5E11C-F959-49EF-B741-B3F6DE52DED8}.VSTi-Release|x64.Build.0 = Release|x64
		{E0D81662-85EF-4172-B0D8-F8DCFF712607}.Debug|Win32.ActiveCfg = Debug|Win32
		{E0D81662-85EF-4172-B0D8-F8DCFF712607}.Debug|Win32.Build.0 = Debug|Win32
		{E0D81662-85EF-4172-B0D8-F8DCFF712607}.Debug|x64.ActiveCfg = Debug|x64
		{E0D81662-85EF-4172-B0D8-F8DCFF712607}.Debug|x64.Build.0 = Debug|x64
		{E0D81662-85EF-4172-B0D8-F8DCFF712607}.Release|Win32.ActiveCfg = ReleaseLTCG|Win32
		{E0D81662-85EF-4172-B0D8-F8DCFF712607}.Release|Win32.Build.0 = ReleaseLTCG|Win32
		{E0D81662-85EF-4172-B0D8-F8DCFF712607}.Release|x64.ActiveCfg = ReleaseLTCG|x64
		{E0D81662-85EF-4172-B0D8-F8DCFF712607}.Release|x64.Build.0 = ReleaseLTCG|x64
		{E0D81662-85EF-4172-B0D8-F8DCFF712607}.ReleaseNoLTCG|Win32.ActiveCfg = Release|Win32
		{E0D81662-85EF-4172-B0D8-F8DCFF712607}.ReleaseNoLTCG|Win32.Build.0 = Release|Win32
		{E0D81662-85EF-4172-B0D8-F8DCFF712607}.ReleaseNoLTCG|x64.ActiveCfg = Release|x64
		{E0D81662-85EF-4172-B0D8-F8DCFF712607}.ReleaseNoLTCG|x64.Build.0 = Release|x64
		{E0D81662-85EF-4172-B0D8-F8DCFF712607}.VSTi-Debug|Win32.ActiveCfg = Debug|Win32
		{E0D81662-85EF-4172-B0D8-F8DCFF712607}.VSTi-Debug|Win32.Build.0 = Debug|Win32
		{E0D81662-85EF-4172-B0D8-F8DCFF712607}.VSTi-Debug|x64.ActiveCfg = Debug|x64
		{E0D81662-85EF-4172-B0D8-F8DCFF712607}.VSTi-Debug|x64.Build.0 = Debug|x64
		{E0D81662-85EF-4172-B0D8-F8DCFF712607}.VSTi-Release|Win32.ActiveCfg = Release|Win32
		{E0D81662-85EF-4172-B0D8-F8DCFF712607}.VSTi-Release|Win32.Build.0 = Release|Win32
		{E0D81662-85EF-4172-B0D8-F8DCFF712607}.VSTi-Release|x64.ActiveCfg = Release|x64
		{E0D81662-85EF-4172-B0D8-F8DCFF712607}.VSTi-Release|x64.Build.0 = Release|x64
	EndGlobalSection
	GlobalSection(SolutionProperties) = preSolution
		HideSolutionNode = FALSE
	EndGlobalSection
EndGlobal
