<?xml version="1.0" encoding="utf-8"?>
<Project ToolsVersion="4.0" xmlns="http://schemas.microsoft.com/developer/msbuild/2003">
	<ItemGroup>
		<ClInclude Include="archive.hpp" />
		<ClInclude Include="array.hpp" />
		<ClInclude Include="blake2s.hpp" />
		<ClInclude Include="cmddata.hpp" />
		<ClInclude Include="coder.hpp" />
		<ClInclude Include="compress.hpp" />
		<ClInclude Include="consio.hpp" />
		<ClInclude Include="crc.hpp" />
		<ClInclude Include="crypt.hpp" />
		<ClInclude Include="dll.hpp" />
		<ClInclude Include="encname.hpp" />
		<ClInclude Include="errhnd.hpp" />
		<ClInclude Include="extinfo.hpp" />
		<ClInclude Include="extract.hpp" />
		<ClInclude Include="filcreat.hpp" />
		<ClInclude Include="file.hpp" />
		<ClInclude Include="filefn.hpp" />
		<ClInclude Include="filestr.hpp" />
		<ClInclude Include="find.hpp" />
		<ClInclude Include="getbits.hpp" />
		<ClInclude Include="global.hpp" />
		<ClInclude Include="hash.hpp" />
		<ClInclude Include="headers.hpp" />
		<ClInclude Include="headers5.hpp" />
		<ClInclude Include="isnt.hpp" />
		<ClInclude Include="list.hpp" />
		<ClInclude Include="loclang.hpp" />
		<ClInclude Include="log.hpp" />
		<ClInclude Include="match.hpp" />
		<ClInclude Include="model.hpp" />
		<ClInclude Include="openmpt.hpp" />
		<ClInclude Include="openmpt-callback.hpp" />
		<ClInclude Include="options.hpp" />
		<ClInclude Include="os.hpp" />
		<ClInclude Include="pathfn.hpp" />
		<ClInclude Include="qopen.hpp" />
		<ClInclude Include="rar.hpp" />
		<ClInclude Include="rardefs.hpp" />
		<ClInclude Include="rarlang.hpp" />
		<ClInclude Include="raros.hpp" />
		<ClInclude Include="rartypes.hpp" />
		<ClInclude Include="rarvm.hpp" />
		<ClInclude Include="rawread.hpp" />
		<ClInclude Include="rdwrfn.hpp" />
		<ClInclude Include="recvol.hpp" />
		<ClInclude Include="resource.hpp" />
		<ClInclude Include="rijndael.hpp" />
		<ClInclude Include="rs.hpp" />
		<ClInclude Include="rs16.hpp" />
		<ClInclude Include="savepos.hpp" />
		<ClInclude Include="scantree.hpp" />
		<ClInclude Include="secpassword.hpp" />
		<ClInclude Include="sha1.hpp" />
		<ClInclude Include="sha256.hpp" />
		<ClInclude Include="smallfn.hpp" />
		<ClInclude Include="strfn.hpp" />
		<ClInclude Include="strlist.hpp" />
		<ClInclude Include="suballoc.hpp" />
		<ClInclude Include="system.hpp" />
		<ClInclude Include="threadpool.hpp" />
		<ClInclude Include="timefn.hpp" />
		<ClInclude Include="ulinks.hpp" />
		<ClInclude Include="unicode.hpp" />
		<ClInclude Include="unpack.hpp" />
		<ClInclude Include="version.hpp" />
		<ClInclude Include="volume.hpp" />
	</ItemGroup>
	<ItemGroup>
		<ClCompile Include="archive.cpp" />
		<ClCompile Include="arcread.cpp" />
		<ClCompile Include="blake2s.cpp" />
		<ClCompile Include="cmddata.cpp" />
		<ClCompile Include="consio.cpp" />
		<ClCompile Include="crc.cpp" />
		<ClCompile Include="crypt.cpp" />
		<ClCompile Include="encname.cpp" />
		<ClCompile Include="errhnd.cpp" />
		<ClCompile Include="extinfo.cpp" />
		<ClCompile Include="extract.cpp" />
		<ClCompile Include="filcreat.cpp" />
		<ClCompile Include="file.cpp" />
		<ClCompile Include="filefn.cpp" />
		<ClCompile Include="filestr.cpp" />
		<ClCompile Include="find.cpp" />
		<ClCompile Include="getbits.cpp" />
		<ClCompile Include="global.cpp" />
		<ClCompile Include="hash.cpp" />
		<ClCompile Include="headers.cpp" />
		<ClCompile Include="isnt.cpp" />
		<ClCompile Include="list.cpp" />
		<ClCompile Include="match.cpp" />
		<ClCompile Include="options.cpp" />
		<ClCompile Include="pathfn.cpp" />
		<ClCompile Include="qopen.cpp" />
		<ClCompile Include="rar.cpp" />
		<ClCompile Include="rarpch.cpp" />
		<ClCompile Include="rarvm.cpp" />
		<ClCompile Include="rawread.cpp" />
		<ClCompile Include="rdwrfn.cpp" />
		<ClCompile Include="recvol.cpp" />
		<ClCompile Include="resource.cpp" />
		<ClCompile Include="rijndael.cpp" />
		<ClCompile Include="rs.cpp" />
		<ClCompile Include="rs16.cpp" />
		<ClCompile Include="scantree.cpp" />
		<ClCompile Include="secpassword.cpp" />
		<ClCompile Include="sha1.cpp" />
		<ClCompile Include="sha256.cpp" />
		<ClCompile Include="smallfn.cpp" />
		<ClCompile Include="strfn.cpp" />
		<ClCompile Include="strlist.cpp" />
		<ClCompile Include="system.cpp" />
		<ClCompile Include="threadpool.cpp" />
		<ClCompile Include="timefn.cpp" />
		<ClCompile Include="unicode.cpp" />
		<ClCompile Include="unpack.cpp" />
		<ClCompile Include="volume.cpp" />
	</ItemGroup>
</Project>
