<?xml version="1.0" encoding="utf-8"?>
<Project ToolsVersion="4.0" xmlns="http://schemas.microsoft.com/developer/msbuild/2003">
  <ItemGroup>
    <Filter Include="Source Files">
      <UniqueIdentifier>{4FC737F1-C7A5-4376-A066-2A32D752A2FF}</UniqueIdentifier>
      <Extensions>cpp;c;cc;cxx;def;odl;idl;hpj;bat;asm;asmx</Extensions>
    </Filter>
    <Filter Include="Source Files\vst2.x">
      <UniqueIdentifier>{f2a7a4a2-d283-4397-89a0-d6d0656a0e1f}</UniqueIdentifier>
    </Filter>
    <Filter Include="Interfaces">
      <UniqueIdentifier>{b0c52021-7533-4599-b23f-605c5676b73f}</UniqueIdentifier>
    </Filter>
  </ItemGroup>
  <ItemGroup>
    <ClCompile Include="MidiInOut.cpp">
      <Filter>Source Files</Filter>
    </ClCompile>
    <ClCompile Include="MidiInOutEditor.cpp">
      <Filter>Source Files</Filter>
    </ClCompile>
    <ClCompile Include="..\..\include\vstsdk2.4\public.sdk\source\vst2.x\audioeffect.cpp">
      <Filter>Source Files\vst2.x</Filter>
    </ClCompile>
    <ClCompile Include="..\..\include\vstsdk2.4\public.sdk\source\vst2.x\audioeffectx.cpp">
      <Filter>Source Files\vst2.x</Filter>
    </ClCompile>
    <ClCompile Include="..\..\include\vstsdk2.4\public.sdk\source\vst2.x\vstplugmain.cpp">
      <Filter>Source Files\vst2.x</Filter>
    </ClCompile>
  </ItemGroup>
  <ItemGroup>
    <ClInclude Include="..\common\ComboBox.h">
      <Filter>Source Files</Filter>
    </ClInclude>
    <ClInclude Include="..\common\Label.h">
      <Filter>Source Files</Filter>
    </ClInclude>
    <ClInclude Include="MidiInOut.h">
      <Filter>Source Files</Filter>
    </ClInclude>
    <ClInclude Include="MidiInOutEditor.h">
      <Filter>Source Files</Filter>
    </ClInclude>
    <ClInclude Include="..\..\include\vstsdk2.4\pluginterfaces\vst2.x\aeffect.h">
      <Filter>Interfaces</Filter>
    </ClInclude>
    <ClInclude Include="..\..\include\vstsdk2.4\pluginterfaces\vst2.x\aeffectx.h">
      <Filter>Interfaces</Filter>
    </ClInclude>
    <ClInclude Include="..\..\include\vstsdk2.4\pluginterfaces\vst2.x\vstfxstore.h">
      <Filter>Interfaces</Filter>
    </ClInclude>
    <ClInclude Include="..\..\include\vstsdk2.4\public.sdk\source\vst2.x\aeffeditor.h">
      <Filter>Source Files\vst2.x</Filter>
    </ClInclude>
    <ClInclude Include="..\..\include\vstsdk2.4\public.sdk\source\vst2.x\audioeffect.h">
      <Filter>Source Files\vst2.x</Filter>
    </ClInclude>
    <ClInclude Include="..\..\include\vstsdk2.4\public.sdk\source\vst2.x\audioeffectx.h">
      <Filter>Source Files\vst2.x</Filter>
    </ClInclude>
    <ClInclude Include="..\common\Window.h">
      <Filter>Source Files</Filter>
    </ClInclude>
  </ItemGroup>
</Project>