<?xml version="1.0" encoding="utf-8"?>
<Project ToolsVersion="4.0" xmlns="http://schemas.microsoft.com/developer/msbuild/2003">
  <ItemGroup>
    <Filter Include="Header Files">
      <UniqueIdentifier>{6c35c7a7-723a-401f-acdc-c63af942abae}</UniqueIdentifier>
      <Extensions>*.h</Extensions>
    </Filter>
    <Filter Include="Source Files">
      <UniqueIdentifier>{3b2ccd60-8f0c-4241-830a-fda069a5d440}</UniqueIdentifier>
      <Extensions>*.cpp</Extensions>
    </Filter>
  </ItemGroup>
  <ItemGroup>
    <ClInclude Include="abort_callback.h">
      <Filter>Header Files</Filter>
    </ClInclude>
    <ClInclude Include="advconfig.h">
      <Filter>Header Files</Filter>
    </ClInclude>
    <ClInclude Include="album_art.h">
      <Filter>Header Files</Filter>
    </ClInclude>
    <ClInclude Include="app_close_blocker.h">
      <Filter>Header Files</Filter>
    </ClInclude>
    <ClInclude Include="audio_chunk.h">
      <Filter>Header Files</Filter>
    </ClInclude>
    <ClInclude Include="audio_postprocessor.h">
      <Filter>Header Files</Filter>
    </ClInclude>
    <ClInclude Include="autoplaylist.h">
      <Filter>Header Files</Filter>
    </ClInclude>
    <ClInclude Include="cfg_var.h">
      <Filter>Header Files</Filter>
    </ClInclude>
    <ClInclude Include="chapterizer.h">
      <Filter>Header Files</Filter>
    </ClInclude>
    <ClInclude Include="commandline.h">
      <Filter>Header Files</Filter>
    </ClInclude>
    <ClInclude Include="completion_notify.h">
      <Filter>Header Files</Filter>
    </ClInclude>
    <ClInclude Include="component.h">
      <Filter>Header Files</Filter>
    </ClInclude>
    <ClInclude Include="componentversion.h">
      <Filter>Header Files</Filter>
    </ClInclude>
    <ClInclude Include="config_io_callback.h">
      <Filter>Header Files</Filter>
    </ClInclude>
    <ClInclude Include="config_object.h">
      <Filter>Header Files</Filter>
    </ClInclude>
    <ClInclude Include="config_object_impl.h">
      <Filter>Header Files</Filter>
    </ClInclude>
    <ClInclude Include="console.h">
      <Filter>Header Files</Filter>
    </ClInclude>
    <ClInclude Include="contextmenu.h">
      <Filter>Header Files</Filter>
    </ClInclude>
    <ClInclude Include="contextmenu_manager.h">
      <Filter>Header Files</Filter>
    </ClInclude>
    <ClInclude Include="core_api.h">
      <Filter>Header Files</Filter>
    </ClInclude>
    <ClInclude Include="coreversion.h">
      <Filter>Header Files</Filter>
    </ClInclude>
    <ClInclude Include="decode_postprocessor.h">
      <Filter>Header Files</Filter>
    </ClInclude>
    <ClInclude Include="dsp.h">
      <Filter>Header Files</Filter>
    </ClInclude>
    <ClInclude Include="dsp_manager.h">
      <Filter>Header Files</Filter>
    </ClInclude>
    <ClInclude Include="event_logger.h">
      <Filter>Header Files</Filter>
    </ClInclude>
    <ClInclude Include="exceptions.h">
      <Filter>Header Files</Filter>
    </ClInclude>
    <ClInclude Include="file_info.h">
      <Filter>Header Files</Filter>
    </ClInclude>
    <ClInclude Include="file_info_impl.h">
      <Filter>Header Files</Filter>
    </ClInclude>
    <ClInclude Include="file_operation_callback.h">
      <Filter>Header Files</Filter>
    </ClInclude>
    <ClInclude Include="filesystem.h">
      <Filter>Header Files</Filter>
    </ClInclude>
    <ClInclude Include="filesystem_helper.h">
      <Filter>Header Files</Filter>
    </ClInclude>
    <ClInclude Include="foobar2000.h">
      <Filter>Header Files</Filter>
    </ClInclude>
    <ClInclude Include="genrand.h">
      <Filter>Header Files</Filter>
    </ClInclude>
    <ClInclude Include="hasher_md5.h">
      <Filter>Header Files</Filter>
    </ClInclude>
    <ClInclude Include="http_client.h">
      <Filter>Header Files</Filter>
    </ClInclude>
    <ClInclude Include="icon_remap.h">
      <Filter>Header Files</Filter>
    </ClInclude>
    <ClInclude Include="info_lookup_handler.h">
      <Filter>Header Files</Filter>
    </ClInclude>
    <ClInclude Include="initquit.h">
      <Filter>Header Files</Filter>
    </ClInclude>
    <ClInclude Include="input.h">
      <Filter>Header Files</Filter>
    </ClInclude>
    <ClInclude Include="input_file_type.h">
      <Filter>Header Files</Filter>
    </ClInclude>
    <ClInclude Include="input_impl.h">
      <Filter>Header Files</Filter>
    </ClInclude>
    <ClInclude Include="library_manager.h">
      <Filter>Header Files</Filter>
    </ClInclude>
    <ClInclude Include="link_resolver.h">
      <Filter>Header Files</Filter>
    </ClInclude>
    <ClInclude Include="main_thread_callback.h">
      <Filter>Header Files</Filter>
    </ClInclude>
    <ClInclude Include="mem_block_container.h">
      <Filter>Header Files</Filter>
    </ClInclude>
    <ClInclude Include="menu.h">
      <Filter>Header Files</Filter>
    </ClInclude>
    <ClInclude Include="menu_helpers.h">
      <Filter>Header Files</Filter>
    </ClInclude>
    <ClInclude Include="message_loop.h">
      <Filter>Header Files</Filter>
    </ClInclude>
    <ClInclude Include="metadb.h">
      <Filter>Header Files</Filter>
    </ClInclude>
    <ClInclude Include="metadb_handle.h">
      <Filter>Header Files</Filter>
    </ClInclude>
    <ClInclude Include="modeless_dialog.h">
      <Filter>Header Files</Filter>
    </ClInclude>
    <ClInclude Include="ole_interaction.h">
      <Filter>Header Files</Filter>
    </ClInclude>
    <ClInclude Include="packet_decoder.h">
      <Filter>Header Files</Filter>
    </ClInclude>
    <ClInclude Include="play_callback.h">
      <Filter>Header Files</Filter>
    </ClInclude>
    <ClInclude Include="playable_location.h">
      <Filter>Header Files</Filter>
    </ClInclude>
    <ClInclude Include="playback_control.h">
      <Filter>Header Files</Filter>
    </ClInclude>
    <ClInclude Include="playback_stream_capture.h">
      <Filter>Header Files</Filter>
    </ClInclude>
    <ClInclude Include="playlist.h">
      <Filter>Header Files</Filter>
    </ClInclude>
    <ClInclude Include="playlist_loader.h">
      <Filter>Header Files</Filter>
    </ClInclude>
    <ClInclude Include="popup_message.h">
      <Filter>Header Files</Filter>
    </ClInclude>
    <ClInclude Include="preferences_page.h">
      <Filter>Header Files</Filter>
    </ClInclude>
    <ClInclude Include="replaygain.h">
      <Filter>Header Files</Filter>
    </ClInclude>
    <ClInclude Include="replaygain_scanner.h">
      <Filter>Header Files</Filter>
    </ClInclude>
    <ClInclude Include="resampler.h">
      <Filter>Header Files</Filter>
    </ClInclude>
    <ClInclude Include="search_tools.h">
      <Filter>Header Files</Filter>
    </ClInclude>
    <ClInclude Include="service.h">
      <Filter>Header Files</Filter>
    </ClInclude>
    <ClInclude Include="service_impl.h">
      <Filter>Header Files</Filter>
    </ClInclude>
    <ClInclude Include="system_time_keeper.h">
      <Filter>Header Files</Filter>
    </ClInclude>
    <ClInclude Include="tag_processor.h">
      <Filter>Header Files</Filter>
    </ClInclude>
    <ClInclude Include="threaded_process.h">
      <Filter>Header Files</Filter>
    </ClInclude>
    <ClInclude Include="titleformat.h">
      <Filter>Header Files</Filter>
    </ClInclude>
    <ClInclude Include="track_property.h">
      <Filter>Header Files</Filter>
    </ClInclude>
    <ClInclude Include="ui.h">
      <Filter>Header Files</Filter>
    </ClInclude>
    <ClInclude Include="ui_edit_context.h">
      <Filter>Header Files</Filter>
    </ClInclude>
    <ClInclude Include="ui_element.h">
      <Filter>Header Files</Filter>
    </ClInclude>
    <ClInclude Include="unpack.h">
      <Filter>Header Files</Filter>
    </ClInclude>
    <ClInclude Include="vis.h">
      <Filter>Header Files</Filter>
    </ClInclude>
    <ClInclude Include="progress_meter.h">
      <Filter>Header Files</Filter>
    </ClInclude>
    <ClInclude Include="album_art_helpers.h">
      <Filter>Header Files</Filter>
    </ClInclude>
    <ClInclude Include="output.h">
      <Filter>Header Files</Filter>
    </ClInclude>
  </ItemGroup>
  <ItemGroup>
    <ClCompile Include="abort_callback.cpp">
      <Filter>Source Files</Filter>
    </ClCompile>
    <ClCompile Include="advconfig.cpp">
      <Filter>Source Files</Filter>
    </ClCompile>
    <ClCompile Include="album_art.cpp">
      <Filter>Source Files</Filter>
    </ClCompile>
    <ClCompile Include="app_close_blocker.cpp">
      <Filter>Source Files</Filter>
    </ClCompile>
    <ClCompile Include="audio_chunk.cpp">
      <Filter>Source Files</Filter>
    </ClCompile>
    <ClCompile Include="audio_chunk_channel_config.cpp">
      <Filter>Source Files</Filter>
    </ClCompile>
    <ClCompile Include="cfg_var.cpp">
      <Filter>Source Files</Filter>
    </ClCompile>
    <ClCompile Include="chapterizer.cpp">
      <Filter>Source Files</Filter>
    </ClCompile>
    <ClCompile Include="commandline.cpp">
      <Filter>Source Files</Filter>
    </ClCompile>
    <ClCompile Include="completion_notify.cpp">
      <Filter>Source Files</Filter>
    </ClCompile>
    <ClCompile Include="config_object.cpp">
      <Filter>Source Files</Filter>
    </ClCompile>
    <ClCompile Include="console.cpp">
      <Filter>Source Files</Filter>
    </ClCompile>
    <ClCompile Include="dsp.cpp">
      <Filter>Source Files</Filter>
    </ClCompile>
    <ClCompile Include="dsp_manager.cpp">
      <Filter>Source Files</Filter>
    </ClCompile>
    <ClCompile Include="file_info.cpp">
      <Filter>Source Files</Filter>
    </ClCompile>
    <ClCompile Include="file_info_impl.cpp">
      <Filter>Source Files</Filter>
    </ClCompile>
    <ClCompile Include="file_info_merge.cpp">
      <Filter>Source Files</Filter>
    </ClCompile>
    <ClCompile Include="file_operation_callback.cpp">
      <Filter>Source Files</Filter>
    </ClCompile>
    <ClCompile Include="filesystem.cpp">
      <Filter>Source Files</Filter>
    </ClCompile>
    <ClCompile Include="filesystem_helper.cpp">
      <Filter>Source Files</Filter>
    </ClCompile>
    <ClCompile Include="guids.cpp">
      <Filter>Source Files</Filter>
    </ClCompile>
    <ClCompile Include="hasher_md5.cpp">
      <Filter>Source Files</Filter>
    </ClCompile>
    <ClCompile Include="input.cpp">
      <Filter>Source Files</Filter>
    </ClCompile>
    <ClCompile Include="input_file_type.cpp">
      <Filter>Source Files</Filter>
    </ClCompile>
    <ClCompile Include="link_resolver.cpp">
      <Filter>Source Files</Filter>
    </ClCompile>
    <ClCompile Include="mainmenu.cpp">
      <Filter>Source Files</Filter>
    </ClCompile>
    <ClCompile Include="mem_block_container.cpp">
      <Filter>Source Files</Filter>
    </ClCompile>
    <ClCompile Include="menu_helpers.cpp">
      <Filter>Source Files</Filter>
    </ClCompile>
    <ClCompile Include="menu_item.cpp">
      <Filter>Source Files</Filter>
    </ClCompile>
    <ClCompile Include="menu_manager.cpp">
      <Filter>Source Files</Filter>
    </ClCompile>
    <ClCompile Include="metadb.cpp">
      <Filter>Source Files</Filter>
    </ClCompile>
    <ClCompile Include="metadb_handle.cpp">
      <Filter>Source Files</Filter>
    </ClCompile>
    <ClCompile Include="metadb_handle_list.cpp">
      <Filter>Source Files</Filter>
    </ClCompile>
    <ClCompile Include="packet_decoder.cpp">
      <Filter>Source Files</Filter>
    </ClCompile>
    <ClCompile Include="playable_location.cpp">
      <Filter>Source Files</Filter>
    </ClCompile>
    <ClCompile Include="playback_control.cpp">
      <Filter>Source Files</Filter>
    </ClCompile>
    <ClCompile Include="playlist.cpp">
      <Filter>Source Files</Filter>
    </ClCompile>
    <ClCompile Include="playlist_loader.cpp">
      <Filter>Source Files</Filter>
    </ClCompile>
    <ClCompile Include="popup_message.cpp">
      <Filter>Source Files</Filter>
    </ClCompile>
    <ClCompile Include="preferences_page.cpp">
      <Filter>Source Files</Filter>
    </ClCompile>
    <ClCompile Include="replaygain.cpp">
      <Filter>Source Files</Filter>
    </ClCompile>
    <ClCompile Include="replaygain_info.cpp">
      <Filter>Source Files</Filter>
    </ClCompile>
    <ClCompile Include="service.cpp">
      <Filter>Source Files</Filter>
    </ClCompile>
    <ClCompile Include="stdafx.cpp">
      <Filter>Source Files</Filter>
    </ClCompile>
    <ClCompile Include="tag_processor.cpp">
      <Filter>Source Files</Filter>
    </ClCompile>
    <ClCompile Include="tag_processor_id3v2.cpp">
      <Filter>Source Files</Filter>
    </ClCompile>
    <ClCompile Include="threaded_process.cpp">
      <Filter>Source Files</Filter>
    </ClCompile>
    <ClCompile Include="titleformat.cpp">
      <Filter>Source Files</Filter>
    </ClCompile>
    <ClCompile Include="ui.cpp">
      <Filter>Source Files</Filter>
    </ClCompile>
    <ClCompile Include="ui_element.cpp">
      <Filter>Source Files</Filter>
    </ClCompile>
    <ClCompile Include="componentversion.cpp">
      <Filter>Source Files</Filter>
    </ClCompile>
    <ClCompile Include="search_tools.cpp">
      <Filter>Source Files</Filter>
    </ClCompile>
    <ClCompile Include="file_cached_impl.cpp">
      <Filter>Source Files</Filter>
    </ClCompile>
    <ClCompile Include="main_thread_callback.cpp">
      <Filter>Source Files</Filter>
    </ClCompile>
    <ClCompile Include="output.cpp">
      <Filter>Source Files</Filter>
    </ClCompile>
  </ItemGroup>
</Project>