<?xml version="1.0" encoding="utf-8"?>
<Project ToolsVersion="4.0" xmlns="http://schemas.microsoft.com/developer/msbuild/2003">
	<ItemGroup>
		<Filter Include="src">
			<UniqueIdentifier>{3CEDB898-0E1C-6846-87F2-A220F9076138}</UniqueIdentifier>
		</Filter>
		<Filter Include="src\common">
			<UniqueIdentifier>{9111EF3B-A753-1943-AE4F-98E42FD3DE30}</UniqueIdentifier>
		</Filter>
		<Filter Include="src\os">
			<UniqueIdentifier>{7F894CAA-AE59-624D-A33B-F24C8E69F332}</UniqueIdentifier>
		</Filter>
		<Filter Include="src\os\win">
			<UniqueIdentifier>{41F309B7-93A9-7648-9DF1-4983A93CE502}</UniqueIdentifier>
		</Filter>
		<Filter Include="include">
			<UniqueIdentifier>{3009F5D7-7BE5-4349-9D4E-FC2CE7FDFD96}</UniqueIdentifier>
		</Filter>
		<Filter Include="src\hostapi">
			<UniqueIdentifier>{6C21D2C4-B5C4-0041-9B80-C0B740838870}</UniqueIdentifier>
		</Filter>
		<Filter Include="src\hostapi\skeleton">
			<UniqueIdentifier>{6A0EA374-3010-CA4D-B9CB-5B8ED69339A8}</UniqueIdentifier>
		</Filter>
		<Filter Include="src\hostapi\wasapi">
			<UniqueIdentifier>{361E7FF8-8642-0E4E-980A-7495EF8D7BF3}</UniqueIdentifier>
		</Filter>
		<Filter Include="src\hostapi\wdmks">
			<UniqueIdentifier>{665127BB-5690-3342-B0F6-63D5430AD35C}</UniqueIdentifier>
		</Filter>
		<Filter Include="src\hostapi\wmme">
			<UniqueIdentifier>{524E58E7-7E70-014B-AE87-B211C9708D8C}</UniqueIdentifier>
		</Filter>
	</ItemGroup>
	<ItemGroup>
		<ClInclude Include="src\common\pa_allocation.h">
			<Filter>src\common</Filter>
		</ClInclude>
		<ClInclude Include="src\common\pa_converters.h">
			<Filter>src\common</Filter>
		</ClInclude>
		<ClInclude Include="src\common\pa_cpuload.h">
			<Filter>src\common</Filter>
		</ClInclude>
		<ClInclude Include="src\common\pa_debugprint.h">
			<Filter>src\common</Filter>
		</ClInclude>
		<ClInclude Include="src\common\pa_dither.h">
			<Filter>src\common</Filter>
		</ClInclude>
		<ClInclude Include="src\common\pa_endianness.h">
			<Filter>src\common</Filter>
		</ClInclude>
		<ClInclude Include="src\common\pa_hostapi.h">
			<Filter>src\common</Filter>
		</ClInclude>
		<ClInclude Include="src\common\pa_memorybarrier.h">
			<Filter>src\common</Filter>
		</ClInclude>
		<ClInclude Include="src\common\pa_process.h">
			<Filter>src\common</Filter>
		</ClInclude>
		<ClInclude Include="src\common\pa_ringbuffer.h">
			<Filter>src\common</Filter>
		</ClInclude>
		<ClInclude Include="src\common\pa_stream.h">
			<Filter>src\common</Filter>
		</ClInclude>
		<ClInclude Include="src\common\pa_trace.h">
			<Filter>src\common</Filter>
		</ClInclude>
		<ClInclude Include="src\common\pa_types.h">
			<Filter>src\common</Filter>
		</ClInclude>
		<ClInclude Include="src\common\pa_util.h">
			<Filter>src\common</Filter>
		</ClInclude>
		<ClInclude Include="src\os\win\pa_win_coinitialize.h">
			<Filter>src\os\win</Filter>
		</ClInclude>
		<ClInclude Include="src\os\win\pa_win_wdmks_utils.h">
			<Filter>src\os\win</Filter>
		</ClInclude>
		<ClInclude Include="src\os\win\pa_x86_plain_converters.h">
			<Filter>src\os\win</Filter>
		</ClInclude>
		<ClInclude Include="include\pa_asio.h">
			<Filter>include</Filter>
		</ClInclude>
		<ClInclude Include="include\pa_jack.h">
			<Filter>include</Filter>
		</ClInclude>
		<ClInclude Include="include\pa_linux_alsa.h">
			<Filter>include</Filter>
		</ClInclude>
		<ClInclude Include="include\pa_mac_core.h">
			<Filter>include</Filter>
		</ClInclude>
		<ClInclude Include="include\pa_win_ds.h">
			<Filter>include</Filter>
		</ClInclude>
		<ClInclude Include="include\pa_win_wasapi.h">
			<Filter>include</Filter>
		</ClInclude>
		<ClInclude Include="include\pa_win_waveformat.h">
			<Filter>include</Filter>
		</ClInclude>
		<ClInclude Include="include\pa_win_wdmks.h">
			<Filter>include</Filter>
		</ClInclude>
		<ClInclude Include="include\pa_win_wmme.h">
			<Filter>include</Filter>
		</ClInclude>
		<ClInclude Include="include\portaudio.h">
			<Filter>include</Filter>
		</ClInclude>
	</ItemGroup>
	<ItemGroup>
		<ClCompile Include="src\common\pa_allocation.c">
			<Filter>src\common</Filter>
		</ClCompile>
		<ClCompile Include="src\common\pa_converters.c">
			<Filter>src\common</Filter>
		</ClCompile>
		<ClCompile Include="src\common\pa_cpuload.c">
			<Filter>src\common</Filter>
		</ClCompile>
		<ClCompile Include="src\common\pa_debugprint.c">
			<Filter>src\common</Filter>
		</ClCompile>
		<ClCompile Include="src\common\pa_dither.c">
			<Filter>src\common</Filter>
		</ClCompile>
		<ClCompile Include="src\common\pa_front.c">
			<Filter>src\common</Filter>
		</ClCompile>
		<ClCompile Include="src\common\pa_process.c">
			<Filter>src\common</Filter>
		</ClCompile>
		<ClCompile Include="src\common\pa_ringbuffer.c">
			<Filter>src\common</Filter>
		</ClCompile>
		<ClCompile Include="src\common\pa_stream.c">
			<Filter>src\common</Filter>
		</ClCompile>
		<ClCompile Include="src\common\pa_trace.c">
			<Filter>src\common</Filter>
		</ClCompile>
		<ClCompile Include="src\hostapi\skeleton\pa_hostapi_skeleton.c">
			<Filter>src\hostapi\skeleton</Filter>
		</ClCompile>
		<ClCompile Include="src\hostapi\wasapi\pa_win_wasapi.c">
			<Filter>src\hostapi\wasapi</Filter>
		</ClCompile>
		<ClCompile Include="src\hostapi\wdmks\pa_win_wdmks.c">
			<Filter>src\hostapi\wdmks</Filter>
		</ClCompile>
		<ClCompile Include="src\hostapi\wmme\pa_win_wmme.c">
			<Filter>src\hostapi\wmme</Filter>
		</ClCompile>
		<ClCompile Include="src\os\win\pa_win_coinitialize.c">
			<Filter>src\os\win</Filter>
		</ClCompile>
		<ClCompile Include="src\os\win\pa_win_hostapis.c">
			<Filter>src\os\win</Filter>
		</ClCompile>
		<ClCompile Include="src\os\win\pa_win_util.c">
			<Filter>src\os\win</Filter>
		</ClCompile>
		<ClCompile Include="src\os\win\pa_win_waveformat.c">
			<Filter>src\os\win</Filter>
		</ClCompile>
		<ClCompile Include="src\os\win\pa_win_wdmks_utils.c">
			<Filter>src\os\win</Filter>
		</ClCompile>
		<ClCompile Include="src\os\win\pa_x86_plain_converters.c">
			<Filter>src\os\win</Filter>
		</ClCompile>
	</ItemGroup>
</Project>
