<?xml version="1.0" encoding="utf-8"?>
<Project ToolsVersion="4.0" xmlns="http://schemas.microsoft.com/developer/msbuild/2003">
	<ItemGroup>
		<Filter Include="src">
			<UniqueIdentifier>{89AF7C91-A5D1-2A4E-942C-FFAB8AF95B13}</UniqueIdentifier>
		</Filter>
		<Filter Include="src\common">
			<UniqueIdentifier>{4A501462-4267-E948-B690-BE4ACEA6E35E}</UniqueIdentifier>
		</Filter>
		<Filter Include="src\os">
			<UniqueIdentifier>{9880B775-7302-4946-B386-5D9F6D2C6164}</UniqueIdentifier>
		</Filter>
		<Filter Include="src\os\win">
			<UniqueIdentifier>{9169CC4A-0027-234C-8955-7837FA67DE3A}</UniqueIdentifier>
		</Filter>
		<Filter Include="include">
			<UniqueIdentifier>{23EF15D3-E62C-E44B-85E7-112A9FC19214}</UniqueIdentifier>
		</Filter>
		<Filter Include="src\hostapi">
			<UniqueIdentifier>{CEEEE102-882E-4F43-9600-01664B2C87AF}</UniqueIdentifier>
		</Filter>
		<Filter Include="src\hostapi\skeleton">
			<UniqueIdentifier>{C756382A-FB24-0040-B6FC-667EB21537D0}</UniqueIdentifier>
		</Filter>
		<Filter Include="src\hostapi\wasapi">
			<UniqueIdentifier>{CA573667-BA06-354A-B42A-441026B9CA83}</UniqueIdentifier>
		</Filter>
		<Filter Include="src\hostapi\wdmks">
			<UniqueIdentifier>{7D195F48-9D17-6245-8106-32AE23076E95}</UniqueIdentifier>
		</Filter>
		<Filter Include="src\hostapi\wmme">
			<UniqueIdentifier>{F115BC14-4305-284D-9091-8F61E4B0EA3D}</UniqueIdentifier>
		</Filter>
	</ItemGroup>
	<ItemGroup>
		<ClInclude Include="src\common\pa_allocation.h">
			<Filter>src\common</Filter>
		</ClInclude>
		<ClInclude Include="src\common\pa_converters.h">
			<Filter>src\common</Filter>
		</ClInclude>
		<ClInclude Include="src\common\pa_cpuload.h">
			<Filter>src\common</Filter>
		</ClInclude>
		<ClInclude Include="src\common\pa_debugprint.h">
			<Filter>src\common</Filter>
		</ClInclude>
		<ClInclude Include="src\common\pa_dither.h">
			<Filter>src\common</Filter>
		</ClInclude>
		<ClInclude Include="src\common\pa_endianness.h">
			<Filter>src\common</Filter>
		</ClInclude>
		<ClInclude Include="src\common\pa_hostapi.h">
			<Filter>src\common</Filter>
		</ClInclude>
		<ClInclude Include="src\common\pa_memorybarrier.h">
			<Filter>src\common</Filter>
		</ClInclude>
		<ClInclude Include="src\common\pa_process.h">
			<Filter>src\common</Filter>
		</ClInclude>
		<ClInclude Include="src\common\pa_ringbuffer.h">
			<Filter>src\common</Filter>
		</ClInclude>
		<ClInclude Include="src\common\pa_stream.h">
			<Filter>src\common</Filter>
		</ClInclude>
		<ClInclude Include="src\common\pa_trace.h">
			<Filter>src\common</Filter>
		</ClInclude>
		<ClInclude Include="src\common\pa_types.h">
			<Filter>src\common</Filter>
		</ClInclude>
		<ClInclude Include="src\common\pa_util.h">
			<Filter>src\common</Filter>
		</ClInclude>
		<ClInclude Include="src\os\win\pa_win_coinitialize.h">
			<Filter>src\os\win</Filter>
		</ClInclude>
		<ClInclude Include="src\os\win\pa_win_wdmks_utils.h">
			<Filter>src\os\win</Filter>
		</ClInclude>
		<ClInclude Include="src\os\win\pa_x86_plain_converters.h">
			<Filter>src\os\win</Filter>
		</ClInclude>
		<ClInclude Include="include\pa_asio.h">
			<Filter>include</Filter>
		</ClInclude>
		<ClInclude Include="include\pa_jack.h">
			<Filter>include</Filter>
		</ClInclude>
		<ClInclude Include="include\pa_linux_alsa.h">
			<Filter>include</Filter>
		</ClInclude>
		<ClInclude Include="include\pa_mac_core.h">
			<Filter>include</Filter>
		</ClInclude>
		<ClInclude Include="include\pa_win_ds.h">
			<Filter>include</Filter>
		</ClInclude>
		<ClInclude Include="include\pa_win_wasapi.h">
			<Filter>include</Filter>
		</ClInclude>
		<ClInclude Include="include\pa_win_waveformat.h">
			<Filter>include</Filter>
		</ClInclude>
		<ClInclude Include="include\pa_win_wdmks.h">
			<Filter>include</Filter>
		</ClInclude>
		<ClInclude Include="include\pa_win_wmme.h">
			<Filter>include</Filter>
		</ClInclude>
		<ClInclude Include="include\portaudio.h">
			<Filter>include</Filter>
		</ClInclude>
	</ItemGroup>
	<ItemGroup>
		<ClCompile Include="src\common\pa_allocation.c">
			<Filter>src\common</Filter>
		</ClCompile>
		<ClCompile Include="src\common\pa_converters.c">
			<Filter>src\common</Filter>
		</ClCompile>
		<ClCompile Include="src\common\pa_cpuload.c">
			<Filter>src\common</Filter>
		</ClCompile>
		<ClCompile Include="src\common\pa_debugprint.c">
			<Filter>src\common</Filter>
		</ClCompile>
		<ClCompile Include="src\common\pa_dither.c">
			<Filter>src\common</Filter>
		</ClCompile>
		<ClCompile Include="src\common\pa_front.c">
			<Filter>src\common</Filter>
		</ClCompile>
		<ClCompile Include="src\common\pa_process.c">
			<Filter>src\common</Filter>
		</ClCompile>
		<ClCompile Include="src\common\pa_ringbuffer.c">
			<Filter>src\common</Filter>
		</ClCompile>
		<ClCompile Include="src\common\pa_stream.c">
			<Filter>src\common</Filter>
		</ClCompile>
		<ClCompile Include="src\common\pa_trace.c">
			<Filter>src\common</Filter>
		</ClCompile>
		<ClCompile Include="src\hostapi\skeleton\pa_hostapi_skeleton.c">
			<Filter>src\hostapi\skeleton</Filter>
		</ClCompile>
		<ClCompile Include="src\hostapi\wasapi\pa_win_wasapi.c">
			<Filter>src\hostapi\wasapi</Filter>
		</ClCompile>
		<ClCompile Include="src\hostapi\wdmks\pa_win_wdmks.c">
			<Filter>src\hostapi\wdmks</Filter>
		</ClCompile>
		<ClCompile Include="src\hostapi\wmme\pa_win_wmme.c">
			<Filter>src\hostapi\wmme</Filter>
		</ClCompile>
		<ClCompile Include="src\os\win\pa_win_coinitialize.c">
			<Filter>src\os\win</Filter>
		</ClCompile>
		<ClCompile Include="src\os\win\pa_win_hostapis.c">
			<Filter>src\os\win</Filter>
		</ClCompile>
		<ClCompile Include="src\os\win\pa_win_util.c">
			<Filter>src\os\win</Filter>
		</ClCompile>
		<ClCompile Include="src\os\win\pa_win_waveformat.c">
			<Filter>src\os\win</Filter>
		</ClCompile>
		<ClCompile Include="src\os\win\pa_win_wdmks_utils.c">
			<Filter>src\os\win</Filter>
		</ClCompile>
		<ClCompile Include="src\os\win\pa_x86_plain_converters.c">
			<Filter>src\os\win</Filter>
		</ClCompile>
	</ItemGroup>
</Project>
