<?xml version="1.0" encoding="utf-8"?>
<Project ToolsVersion="4.0" xmlns="http://schemas.microsoft.com/developer/msbuild/2003">
  <ItemGroup>
    <Filter Include="unlha">
      <UniqueIdentifier>{29ea7892-4daf-402b-983c-cb831dedb8aa}</UniqueIdentifier>
    </Filter>
    <Filter Include="unrar">
      <UniqueIdentifier>{3cda0dab-901c-4ab5-a35e-632733040926}</UniqueIdentifier>
    </Filter>
  </ItemGroup>
  <ItemGroup>
    <ClCompile Include="ungzip.cpp" />
    <ClCompile Include="unlha.cpp" />
    <ClCompile Include="unrar.cpp" />
    <ClCompile Include="unzip.cpp" />
    <ClCompile Include="unrar\BLOCK.CPP">
      <Filter>unrar</Filter>
    </ClCompile>
    <ClCompile Include="unrar\COMPR.CPP">
      <Filter>unrar</Filter>
    </ClCompile>
    <ClCompile Include="unrar\CRCCRYPT.CPP">
      <Filter>unrar</Filter>
    </ClCompile>
    <ClCompile Include="unrar\Extract.cpp">
      <Filter>unrar</Filter>
    </ClCompile>
    <ClCompile Include="unrar\Global.cpp">
      <Filter>unrar</Filter>
    </ClCompile>
    <ClCompile Include="unrar\Rdwrfn.cpp">
      <Filter>unrar</Filter>
    </ClCompile>
    <ClCompile Include="unrar\Smallfn.cpp">
      <Filter>unrar</Filter>
    </ClCompile>
    <ClCompile Include="unrar\Unpack.cpp">
      <Filter>unrar</Filter>
    </ClCompile>
    <ClCompile Include="unrar\UNPOLD.CPP">
      <Filter>unrar</Filter>
    </ClCompile>
    <ClCompile Include="unlha\DHUF.CPP">
      <Filter>unlha</Filter>
    </ClCompile>
    <ClCompile Include="unlha\EXTRACT.CPP">
      <Filter>unlha</Filter>
    </ClCompile>
    <ClCompile Include="unlha\Header.cpp">
      <Filter>unlha</Filter>
    </ClCompile>
    <ClCompile Include="unlha\HUF.CPP">
      <Filter>unlha</Filter>
    </ClCompile>
    <ClCompile Include="unlha\LARC.CPP">
      <Filter>unlha</Filter>
    </ClCompile>
    <ClCompile Include="unlha\LHEXT.CPP">
      <Filter>unlha</Filter>
    </ClCompile>
    <ClCompile Include="unlha\MAKETBL.CPP">
      <Filter>unlha</Filter>
    </ClCompile>
    <ClCompile Include="unlha\SHUF.CPP">
      <Filter>unlha</Filter>
    </ClCompile>
    <ClCompile Include="unlha\SLIDE.CPP">
      <Filter>unlha</Filter>
    </ClCompile>
    <ClCompile Include="unarchiver.cpp" />
  </ItemGroup>
  <ItemGroup>
    <ClInclude Include="ungzip.h" />
    <ClInclude Include="unlha.h" />
    <ClInclude Include="unrar.h" />
    <ClInclude Include="unzip.h" />
    <ClInclude Include="unrar\CONST.H">
      <Filter>unrar</Filter>
    </ClInclude>
    <ClInclude Include="unlha\LHARC.H">
      <Filter>unlha</Filter>
    </ClInclude>
    <ClInclude Include="unlha\SLIDEHUF.H">
      <Filter>unlha</Filter>
    </ClInclude>
    <ClInclude Include="unarchiver.h" />
  </ItemGroup>
</Project>