<?xml version="1.0" encoding="utf-8"?>
<Project ToolsVersion="4.0" xmlns="http://schemas.microsoft.com/developer/msbuild/2003">
  <ItemGroup>
    <Filter Include="Source Files">
      <UniqueIdentifier>{4FC737F1-C7A5-4376-A066-2A32D752A2FF}</UniqueIdentifier>
      <Extensions>cpp;c;cc;cxx;def;odl;idl;hpj;bat;asm;asmx</Extensions>
    </Filter>
    <Filter Include="Header Files">
      <UniqueIdentifier>{93995380-89BD-4b04-88EB-625FBE52EBFB}</UniqueIdentifier>
      <Extensions>h;hpp;hxx;hm;inl;inc;xsd</Extensions>
    </Filter>
    <Filter Include="Header Files\public">
      <UniqueIdentifier>{b4f47e07-4049-4a1e-9055-a760d9cfbd0c}</UniqueIdentifier>
    </Filter>
  </ItemGroup>
  <ItemGroup>
    <ClInclude Include="lib\public\lhasa.h">
      <Filter>Header Files\public</Filter>
    </ClInclude>
    <ClInclude Include="lib\public\lha_decoder.h">
      <Filter>Header Files\public</Filter>
    </ClInclude>
    <ClInclude Include="lib\public\lha_file_header.h">
      <Filter>Header Files\public</Filter>
    </ClInclude>
    <ClInclude Include="lib\public\lha_input_stream.h">
      <Filter>Header Files\public</Filter>
    </ClInclude>
    <ClInclude Include="lib\public\lha_reader.h">
      <Filter>Header Files\public</Filter>
    </ClInclude>
    <ClInclude Include="lib\macbinary.h">
      <Filter>Header Files</Filter>
    </ClInclude>
    <ClInclude Include="lib\crc16.h">
      <Filter>Header Files</Filter>
    </ClInclude>
    <ClInclude Include="lib\ext_header.h">
      <Filter>Header Files</Filter>
    </ClInclude>
    <ClInclude Include="lib\lha_arch.h">
      <Filter>Header Files</Filter>
    </ClInclude>
    <ClInclude Include="lib\lha_basic_reader.h">
      <Filter>Header Files</Filter>
    </ClInclude>
    <ClInclude Include="lib\lha_decoder.h">
      <Filter>Header Files</Filter>
    </ClInclude>
    <ClInclude Include="lib\lha_endian.h">
      <Filter>Header Files</Filter>
    </ClInclude>
    <ClInclude Include="lib\lha_file_header.h">
      <Filter>Header Files</Filter>
    </ClInclude>
    <ClInclude Include="lib\lha_input_stream.h">
      <Filter>Header Files</Filter>
    </ClInclude>
  </ItemGroup>
  <ItemGroup>
    <ClCompile Include="lib\crc16.c">
      <Filter>Source Files</Filter>
    </ClCompile>
    <ClCompile Include="lib\pm1_decoder.c">
      <Filter>Source Files</Filter>
    </ClCompile>
    <ClCompile Include="lib\ext_header.c">
      <Filter>Source Files</Filter>
    </ClCompile>
    <ClCompile Include="lib\lh1_decoder.c">
      <Filter>Source Files</Filter>
    </ClCompile>
    <ClCompile Include="lib\lh5_decoder.c">
      <Filter>Source Files</Filter>
    </ClCompile>
    <ClCompile Include="lib\lh6_decoder.c">
      <Filter>Source Files</Filter>
    </ClCompile>
    <ClCompile Include="lib\lh7_decoder.c">
      <Filter>Source Files</Filter>
    </ClCompile>
    <ClCompile Include="lib\lha_arch_unix.c">
      <Filter>Source Files</Filter>
    </ClCompile>
    <ClCompile Include="lib\lha_arch_win32.c">
      <Filter>Source Files</Filter>
    </ClCompile>
    <ClCompile Include="lib\lha_basic_reader.c">
      <Filter>Source Files</Filter>
    </ClCompile>
    <ClCompile Include="lib\lha_decoder.c">
      <Filter>Source Files</Filter>
    </ClCompile>
    <ClCompile Include="lib\lha_endian.c">
      <Filter>Source Files</Filter>
    </ClCompile>
    <ClCompile Include="lib\lha_file_header.c">
      <Filter>Source Files</Filter>
    </ClCompile>
    <ClCompile Include="lib\lha_input_stream.c">
      <Filter>Source Files</Filter>
    </ClCompile>
    <ClCompile Include="lib\lha_reader.c">
      <Filter>Source Files</Filter>
    </ClCompile>
    <ClCompile Include="lib\lz5_decoder.c">
      <Filter>Source Files</Filter>
    </ClCompile>
    <ClCompile Include="lib\lzs_decoder.c">
      <Filter>Source Files</Filter>
    </ClCompile>
    <ClCompile Include="lib\macbinary.c">
      <Filter>Source Files</Filter>
    </ClCompile>
    <ClCompile Include="lib\null_decoder.c">
      <Filter>Source Files</Filter>
    </ClCompile>
    <ClCompile Include="lib\pm2_decoder.c">
      <Filter>Source Files</Filter>
    </ClCompile>
  </ItemGroup>
</Project>