<?xml version="1.0" encoding="utf-8"?>
<Project ToolsVersion="4.0" xmlns="http://schemas.microsoft.com/developer/msbuild/2003">
	<ItemGroup>
		<Filter Include="lib">
			<UniqueIdentifier>{BA7B7B3E-39BD-6C43-A051-09B90A2BC6B2}</UniqueIdentifier>
		</Filter>
		<Filter Include="lib\public">
			<UniqueIdentifier>{9EA20ABF-00C3-8F4B-83BE-B63F8048F920}</UniqueIdentifier>
		</Filter>
	</ItemGroup>
	<ItemGroup>
		<ClInclude Include="lib\crc16.h">
			<Filter>lib</Filter>
		</ClInclude>
		<ClInclude Include="lib\ext_header.h">
			<Filter>lib</Filter>
		</ClInclude>
		<ClInclude Include="lib\lha_arch.h">
			<Filter>lib</Filter>
		</ClInclude>
		<ClInclude Include="lib\lha_basic_reader.h">
			<Filter>lib</Filter>
		</ClInclude>
		<ClInclude Include="lib\lha_decoder.h">
			<Filter>lib</Filter>
		</ClInclude>
		<ClInclude Include="lib\lha_endian.h">
			<Filter>lib</Filter>
		</ClInclude>
		<ClInclude Include="lib\lha_file_header.h">
			<Filter>lib</Filter>
		</ClInclude>
		<ClInclude Include="lib\lha_input_stream.h">
			<Filter>lib</Filter>
		</ClInclude>
		<ClInclude Include="lib\macbinary.h">
			<Filter>lib</Filter>
		</ClInclude>
		<ClInclude Include="lib\public\lha_decoder.h">
			<Filter>lib\public</Filter>
		</ClInclude>
		<ClInclude Include="lib\public\lha_file_header.h">
			<Filter>lib\public</Filter>
		</ClInclude>
		<ClInclude Include="lib\public\lha_input_stream.h">
			<Filter>lib\public</Filter>
		</ClInclude>
		<ClInclude Include="lib\public\lha_reader.h">
			<Filter>lib\public</Filter>
		</ClInclude>
		<ClInclude Include="lib\public\lhasa.h">
			<Filter>lib\public</Filter>
		</ClInclude>
	</ItemGroup>
	<ItemGroup>
		<ClCompile Include="lib\crc16.c">
			<Filter>lib</Filter>
		</ClCompile>
		<ClCompile Include="lib\ext_header.c">
			<Filter>lib</Filter>
		</ClCompile>
		<ClCompile Include="lib\lh1_decoder.c">
			<Filter>lib</Filter>
		</ClCompile>
		<ClCompile Include="lib\lh5_decoder.c">
			<Filter>lib</Filter>
		</ClCompile>
		<ClCompile Include="lib\lh6_decoder.c">
			<Filter>lib</Filter>
		</ClCompile>
		<ClCompile Include="lib\lh7_decoder.c">
			<Filter>lib</Filter>
		</ClCompile>
		<ClCompile Include="lib\lha_arch_unix.c">
			<Filter>lib</Filter>
		</ClCompile>
		<ClCompile Include="lib\lha_arch_win32.c">
			<Filter>lib</Filter>
		</ClCompile>
		<ClCompile Include="lib\lha_basic_reader.c">
			<Filter>lib</Filter>
		</ClCompile>
		<ClCompile Include="lib\lha_decoder.c">
			<Filter>lib</Filter>
		</ClCompile>
		<ClCompile Include="lib\lha_endian.c">
			<Filter>lib</Filter>
		</ClCompile>
		<ClCompile Include="lib\lha_file_header.c">
			<Filter>lib</Filter>
		</ClCompile>
		<ClCompile Include="lib\lha_input_stream.c">
			<Filter>lib</Filter>
		</ClCompile>
		<ClCompile Include="lib\lha_reader.c">
			<Filter>lib</Filter>
		</ClCompile>
		<ClCompile Include="lib\lz5_decoder.c">
			<Filter>lib</Filter>
		</ClCompile>
		<ClCompile Include="lib\lzs_decoder.c">
			<Filter>lib</Filter>
		</ClCompile>
		<ClCompile Include="lib\macbinary.c">
			<Filter>lib</Filter>
		</ClCompile>
		<ClCompile Include="lib\null_decoder.c">
			<Filter>lib</Filter>
		</ClCompile>
		<ClCompile Include="lib\pm1_decoder.c">
			<Filter>lib</Filter>
		</ClCompile>
		<ClCompile Include="lib\pm2_decoder.c">
			<Filter>lib</Filter>
		</ClCompile>
	</ItemGroup>
</Project>
