<?xml version="1.0" encoding="utf-8"?>
<Project ToolsVersion="4.0" xmlns="http://schemas.microsoft.com/developer/msbuild/2003">
	<ItemGroup>
		<Filter Include="porttime">
			<UniqueIdentifier>{B7F29323-3B38-D341-BB0E-0FBBC0926981}</UniqueIdentifier>
		</Filter>
		<Filter Include="pm_common">
			<UniqueIdentifier>{A047E9D0-ADFC-8F42-B7CA-D41BACB10256}</UniqueIdentifier>
		</Filter>
		<Filter Include="pm_win">
			<UniqueIdentifier>{852A4948-7E76-6043-96A0-6C89E1681B3D}</UniqueIdentifier>
		</Filter>
	</ItemGroup>
	<ItemGroup>
		<ClInclude Include="porttime\porttime.h">
			<Filter>porttime</Filter>
		</ClInclude>
		<ClInclude Include="pm_common\pminternal.h">
			<Filter>pm_common</Filter>
		</ClInclude>
		<ClInclude Include="pm_common\pmutil.h">
			<Filter>pm_common</Filter>
		</ClInclude>
		<ClInclude Include="pm_common\portmidi.h">
			<Filter>pm_common</Filter>
		</ClInclude>
		<ClInclude Include="pm_win\pmwinmm.h">
			<Filter>pm_win</Filter>
		</ClInclude>
	</ItemGroup>
	<ItemGroup>
		<ClCompile Include="porttime\porttime.c">
			<Filter>porttime</Filter>
		</ClCompile>
		<ClCompile Include="porttime\ptwinmm.c">
			<Filter>porttime</Filter>
		</ClCompile>
		<ClCompile Include="pm_common\pmutil.c">
			<Filter>pm_common</Filter>
		</ClCompile>
		<ClCompile Include="pm_common\portmidi.c">
			<Filter>pm_common</Filter>
		</ClCompile>
		<ClCompile Include="pm_win\pmwin.c">
			<Filter>pm_win</Filter>
		</ClCompile>
		<ClCompile Include="pm_win\pmwinmm.c">
			<Filter>pm_win</Filter>
		</ClCompile>
	</ItemGroup>
</Project>
